// !$*UTF8*$!
{
	archiveVersion = 1;
	classes = {
	};
	objectVersion = 48;
	objects = {

/* Begin PBXBuildFile section */
		E83A299820EF5EED00315ADF /* TTTAttributedLabel.m in Sources */ = {isa = PBXBuildFile; fileRef = E83A299720EF5EED00315ADF /* TTTAttributedLabel.m */; };
		E83A299B20EF6F7000315ADF /* UILabel+Category.m in Sources */ = {isa = PBXBuildFile; fileRef = E83A299A20EF6F7000315ADF /* UILabel+Category.m */; };
		E83BF53620DCE31900CAC15F /* ExtensibleLabel.m in Sources */ = {isa = PBXBuildFile; fileRef = E83BF53520DCE31900CAC15F /* ExtensibleLabel.m */; };
		E83BF53A20DCEC4D00CAC15F /* UILabel_Demo.m in Sources */ = {isa = PBXBuildFile; fileRef = E83BF53920DCEC4D00CAC15F /* UILabel_Demo.m */; };
		E83BF5AA20DCECFF00CAC15F /* UIScrollView+MJRefresh.m in Sources */ = {isa = PBXBuildFile; fileRef = E83BF53D20DCECFF00CAC15F /* UIScrollView+MJRefresh.m */; };
		E83BF5AB20DCECFF00CAC15F /* MJRefreshConst.m in Sources */ = {isa = PBXBuildFile; fileRef = E83BF53E20DCECFF00CAC15F /* MJRefreshConst.m */; };
		E83BF5AC20DCECFF00CAC15F /* MJRefresh.bundle in Resources */ = {isa = PBXBuildFile; fileRef = E83BF54120DCECFF00CAC15F /* MJRefresh.bundle */; };
		E83BF5AD20DCECFF00CAC15F /* dropdown_loading_02.png in Resources */ = {isa = PBXBuildFile; fileRef = E83BF54520DCECFF00CAC15F /* dropdown_loading_02.png */; };
		E83BF5AE20DCECFF00CAC15F /* MJChiBaoZiHeader.m in Sources */ = {isa = PBXBuildFile; fileRef = E83BF54620DCECFF00CAC15F /* MJChiBaoZiHeader.m */; };
		E83BF5AF20DCECFF00CAC15F /* dropdown_loading_01.png in Resources */ = {isa = PBXBuildFile; fileRef = E83BF54720DCECFF00CAC15F /* dropdown_loading_01.png */; };
		E83BF5B020DCECFF00CAC15F /* UIScrollView+MJExtension.m in Sources */ = {isa = PBXBuildFile; fileRef = E83BF54820DCECFF00CAC15F /* UIScrollView+MJExtension.m */; };
		E83BF5B120DCECFF00CAC15F /* UIView+MJExtension.m in Sources */ = {isa = PBXBuildFile; fileRef = E83BF54B20DCECFF00CAC15F /* UIView+MJExtension.m */; };
		E83BF5B220DCECFF00CAC15F /* MJRefreshBackGifFooter.m in Sources */ = {isa = PBXBuildFile; fileRef = E83BF55220DCECFF00CAC15F /* MJRefreshBackGifFooter.m */; };
		E83BF5B320DCECFF00CAC15F /* MJRefreshBackStateFooter.m in Sources */ = {isa = PBXBuildFile; fileRef = E83BF55320DCECFF00CAC15F /* MJRefreshBackStateFooter.m */; };
		E83BF5B420DCECFF00CAC15F /* MJRefreshBackNormalFooter.m in Sources */ = {isa = PBXBuildFile; fileRef = E83BF55420DCECFF00CAC15F /* MJRefreshBackNormalFooter.m */; };
		E83BF5B520DCECFF00CAC15F /* MJRefreshAutoStateFooter.m in Sources */ = {isa = PBXBuildFile; fileRef = E83BF55920DCECFF00CAC15F /* MJRefreshAutoStateFooter.m */; };
		E83BF5B620DCECFF00CAC15F /* MJRefreshAutoGifFooter.m in Sources */ = {isa = PBXBuildFile; fileRef = E83BF55A20DCECFF00CAC15F /* MJRefreshAutoGifFooter.m */; };
		E83BF5B720DCECFF00CAC15F /* MJRefreshAutoNormalFooter.m in Sources */ = {isa = PBXBuildFile; fileRef = E83BF55B20DCECFF00CAC15F /* MJRefreshAutoNormalFooter.m */; };
		E83BF5B820DCECFF00CAC15F /* MJRefreshNormalHeader.m in Sources */ = {isa = PBXBuildFile; fileRef = E83BF55D20DCECFF00CAC15F /* MJRefreshNormalHeader.m */; };
		E83BF5B920DCECFF00CAC15F /* MJRefreshStateHeader.m in Sources */ = {isa = PBXBuildFile; fileRef = E83BF56120DCECFF00CAC15F /* MJRefreshStateHeader.m */; };
		E83BF5BA20DCECFF00CAC15F /* MJRefreshGifHeader.m in Sources */ = {isa = PBXBuildFile; fileRef = E83BF56220DCECFF00CAC15F /* MJRefreshGifHeader.m */; };
		E83BF5BB20DCECFF00CAC15F /* MJRefreshFooter.m in Sources */ = {isa = PBXBuildFile; fileRef = E83BF56420DCECFF00CAC15F /* MJRefreshFooter.m */; };
		E83BF5BC20DCECFF00CAC15F /* MJRefreshHeader.m in Sources */ = {isa = PBXBuildFile; fileRef = E83BF56620DCECFF00CAC15F /* MJRefreshHeader.m */; };
		E83BF5BD20DCECFF00CAC15F /* MJRefreshBackFooter.m in Sources */ = {isa = PBXBuildFile; fileRef = E83BF56820DCECFF00CAC15F /* MJRefreshBackFooter.m */; };
		E83BF5BE20DCECFF00CAC15F /* MJRefreshAutoFooter.m in Sources */ = {isa = PBXBuildFile; fileRef = E83BF56920DCECFF00CAC15F /* MJRefreshAutoFooter.m */; };
		E83BF5BF20DCECFF00CAC15F /* MJRefreshComponent.m in Sources */ = {isa = PBXBuildFile; fileRef = E83BF56B20DCECFF00CAC15F /* MJRefreshComponent.m */; };
		E83BF5C020DCECFF00CAC15F /* UIImage+WebP.m in Sources */ = {isa = PBXBuildFile; fileRef = E83BF56F20DCECFF00CAC15F /* UIImage+WebP.m */; };
		E83BF5C120DCECFF00CAC15F /* MKAnnotationView+WebCache.m in Sources */ = {isa = PBXBuildFile; fileRef = E83BF57020DCECFF00CAC15F /* MKAnnotationView+WebCache.m */; };
		E83BF5C220DCECFF00CAC15F /* SDWebImageManager.m in Sources */ = {isa = PBXBuildFile; fileRef = E83BF57320DCECFF00CAC15F /* SDWebImageManager.m */; };
		E83BF5C320DCECFF00CAC15F /* SDWebImageDecoder.m in Sources */ = {isa = PBXBuildFile; fileRef = E83BF57420DCECFF00CAC15F /* SDWebImageDecoder.m */; };
		E83BF5C420DCECFF00CAC15F /* UIImageView+HighlightedWebCache.m in Sources */ = {isa = PBXBuildFile; fileRef = E83BF57620DCECFF00CAC15F /* UIImageView+HighlightedWebCache.m */; };
		E83BF5C520DCECFF00CAC15F /* SDWebImageDownloader.m in Sources */ = {isa = PBXBuildFile; fileRef = E83BF57820DCECFF00CAC15F /* SDWebImageDownloader.m */; };
		E83BF5C620DCECFF00CAC15F /* UIImage+GIF.m in Sources */ = {isa = PBXBuildFile; fileRef = E83BF57920DCECFF00CAC15F /* UIImage+GIF.m */; };
		E83BF5C720DCECFF00CAC15F /* UIImage+MultiFormat.m in Sources */ = {isa = PBXBuildFile; fileRef = E83BF57B20DCECFF00CAC15F /* UIImage+MultiFormat.m */; };
		E83BF5C820DCECFF00CAC15F /* SDWebImageCompat.m in Sources */ = {isa = PBXBuildFile; fileRef = E83BF57C20DCECFF00CAC15F /* SDWebImageCompat.m */; };
		E83BF5C920DCECFF00CAC15F /* SDWebImagePrefetcher.m in Sources */ = {isa = PBXBuildFile; fileRef = E83BF57D20DCECFF00CAC15F /* SDWebImagePrefetcher.m */; };
		E83BF5CA20DCECFF00CAC15F /* SDImageCache.m in Sources */ = {isa = PBXBuildFile; fileRef = E83BF58120DCECFF00CAC15F /* SDImageCache.m */; };
		E83BF5CB20DCECFF00CAC15F /* SDWebImageDownloaderOperation.m in Sources */ = {isa = PBXBuildFile; fileRef = E83BF58320DCECFF00CAC15F /* SDWebImageDownloaderOperation.m */; };
		E83BF5CC20DCECFF00CAC15F /* NSData+ImageContentType.m in Sources */ = {isa = PBXBuildFile; fileRef = E83BF58620DCECFF00CAC15F /* NSData+ImageContentType.m */; };
		E83BF5CD20DCECFF00CAC15F /* UIImageView+WebCache.m in Sources */ = {isa = PBXBuildFile; fileRef = E83BF58720DCECFF00CAC15F /* UIImageView+WebCache.m */; };
		E83BF5CE20DCECFF00CAC15F /* UIView+WebCacheOperation.m in Sources */ = {isa = PBXBuildFile; fileRef = E83BF58A20DCECFF00CAC15F /* UIView+WebCacheOperation.m */; };
		E83BF5CF20DCECFF00CAC15F /* UIButton+WebCache.m in Sources */ = {isa = PBXBuildFile; fileRef = E83BF58E20DCECFF00CAC15F /* UIButton+WebCache.m */; };
		E83BF5D020DCECFF00CAC15F /* NSLayoutConstraint+MASDebugAdditions.m in Sources */ = {isa = PBXBuildFile; fileRef = E83BF59220DCECFF00CAC15F /* NSLayoutConstraint+MASDebugAdditions.m */; };
		E83BF5D120DCECFF00CAC15F /* ViewController+MASAdditions.m in Sources */ = {isa = PBXBuildFile; fileRef = E83BF59B20DCECFF00CAC15F /* ViewController+MASAdditions.m */; };
		E83BF5D220DCECFF00CAC15F /* MASCompositeConstraint.m in Sources */ = {isa = PBXBuildFile; fileRef = E83BF59F20DCECFF00CAC15F /* MASCompositeConstraint.m */; };
		E83BF5D320DCECFF00CAC15F /* MASConstraintMaker.m in Sources */ = {isa = PBXBuildFile; fileRef = E83BF5A020DCECFF00CAC15F /* MASConstraintMaker.m */; };
		E83BF5D420DCECFF00CAC15F /* MASLayoutConstraint.m in Sources */ = {isa = PBXBuildFile; fileRef = E83BF5A120DCECFF00CAC15F /* MASLayoutConstraint.m */; };
		E83BF5D520DCECFF00CAC15F /* NSArray+MASAdditions.m in Sources */ = {isa = PBXBuildFile; fileRef = E83BF5A220DCECFF00CAC15F /* NSArray+MASAdditions.m */; };
		E83BF5D620DCECFF00CAC15F /* View+MASAdditions.m in Sources */ = {isa = PBXBuildFile; fileRef = E83BF5A320DCECFF00CAC15F /* View+MASAdditions.m */; };
		E83BF5D720DCECFF00CAC15F /* MASConstraint.m in Sources */ = {isa = PBXBuildFile; fileRef = E83BF5A620DCECFF00CAC15F /* MASConstraint.m */; };
		E83BF5D820DCECFF00CAC15F /* MASViewConstraint.m in Sources */ = {isa = PBXBuildFile; fileRef = E83BF5A820DCECFF00CAC15F /* MASViewConstraint.m */; };
		E83BF5D920DCECFF00CAC15F /* MASViewAttribute.m in Sources */ = {isa = PBXBuildFile; fileRef = E83BF5A920DCECFF00CAC15F /* MASViewAttribute.m */; };
		E83BF5DC20DCF2B300CAC15F /* ScrollView_Demo.m in Sources */ = {isa = PBXBuildFile; fileRef = E83BF5DB20DCF2B300CAC15F /* ScrollView_Demo.m */; };
		E83BF5DF20DCF30D00CAC15F /* UIButton_Demo.m in Sources */ = {isa = PBXBuildFile; fileRef = E83BF5DE20DCF30D00CAC15F /* UIButton_Demo.m */; };
		E83BF8CB20DD038200CAC15F /* UIButton+Category.m in Sources */ = {isa = PBXBuildFile; fileRef = E83BF8CA20DD038200CAC15F /* UIButton+Category.m */; };
		E840B69720D105C300CBBD50 /* ZSConvenientTool.m in Sources */ = {isa = PBXBuildFile; fileRef = E840B69620D105C300CBBD50 /* ZSConvenientTool.m */; };
		E87FFA2420C4F1FB00A50338 /* UIColor+Category.m in Sources */ = {isa = PBXBuildFile; fileRef = E87FFA2320C4F1FB00A50338 /* UIColor+Category.m */; };
		E87FFA2720C4F3D300A50338 /* UIView+Category.m in Sources */ = {isa = PBXBuildFile; fileRef = E87FFA2620C4F3D300A50338 /* UIView+Category.m */; };
		E88C666E20C294B9005006AF /* Main.storyboard in Resources */ = {isa = PBXBuildFile; fileRef = E88C666C20C294B9005006AF /* Main.storyboard */; };
		E88C667020C294B9005006AF /* Assets.xcassets in Resources */ = {isa = PBXBuildFile; fileRef = E88C666F20C294B9005006AF /* Assets.xcassets */; };
		E88C667320C294B9005006AF /* LaunchScreen.storyboard in Resources */ = {isa = PBXBuildFile; fileRef = E88C667120C294B9005006AF /* LaunchScreen.storyboard */; };
		E896D2AD20F4AEAB0039C4C3 /* NSString_Demo.m in Sources */ = {isa = PBXBuildFile; fileRef = E896D2AC20F4AEAB0039C4C3 /* NSString_Demo.m */; };
		E896D2B020F4AFBE0039C4C3 /* NSString+Category.m in Sources */ = {isa = PBXBuildFile; fileRef = E896D2AF20F4AFBE0039C4C3 /* NSString+Category.m */; };
		E896D2B320F4BC6E0039C4C3 /* textImageHtml.txt in Resources */ = {isa = PBXBuildFile; fileRef = E896D2B220F4BC6D0039C4C3 /* textImageHtml.txt */; };
		E8D5118320FF5E130064A80C /* NSString+PinYin4Cocoa.m in Sources */ = {isa = PBXBuildFile; fileRef = E8D5117820FF5E130064A80C /* NSString+PinYin4Cocoa.m */; };
		E8D5118420FF5E130064A80C /* PinyinHelper.m in Sources */ = {isa = PBXBuildFile; fileRef = E8D5117B20FF5E130064A80C /* PinyinHelper.m */; };
		E8D5118520FF5E130064A80C /* HanyuPinyinOutputFormat.m in Sources */ = {isa = PBXBuildFile; fileRef = E8D5117D20FF5E130064A80C /* HanyuPinyinOutputFormat.m */; };
		E8D5118620FF5E130064A80C /* ChineseToPinyinResource.m in Sources */ = {isa = PBXBuildFile; fileRef = E8D5117E20FF5E130064A80C /* ChineseToPinyinResource.m */; };
		E8D5118720FF5E130064A80C /* PinyinFormatter.m in Sources */ = {isa = PBXBuildFile; fileRef = E8D5117F20FF5E130064A80C /* PinyinFormatter.m */; };
		E8D5118820FF5E130064A80C /* unicode_to_hanyu_pinyin.txt in Resources */ = {isa = PBXBuildFile; fileRef = E8D5118220FF5E130064A80C /* unicode_to_hanyu_pinyin.txt */; };
		E8D5118C20FF660D0064A80C /* contacts.plist in Resources */ = {isa = PBXBuildFile; fileRef = E8D5118B20FF66070064A80C /* contacts.plist */; };
		E8D5118F20FF674D0064A80C /* Tool_Demo.m in Sources */ = {isa = PBXBuildFile; fileRef = E8D5118E20FF674D0064A80C /* Tool_Demo.m */; };
		E8D5119220FF68F60064A80C /* ZSContactsModel.m in Sources */ = {isa = PBXBuildFile; fileRef = E8D5119120FF68F60064A80C /* ZSContactsModel.m */; };
		E8D511A920FF69B40064A80C /* MJPropertyType.m in Sources */ = {isa = PBXBuildFile; fileRef = E8D5119720FF69B40064A80C /* MJPropertyType.m */; };
		E8D511AA20FF69B40064A80C /* NSObject+MJKeyValue.m in Sources */ = {isa = PBXBuildFile; fileRef = E8D5119A20FF69B40064A80C /* NSObject+MJKeyValue.m */; };
		E8D511AB20FF69B40064A80C /* MJProperty.m in Sources */ = {isa = PBXBuildFile; fileRef = E8D5119B20FF69B40064A80C /* MJProperty.m */; };
		E8D511AC20FF69B40064A80C /* NSObject+MJCoding.m in Sources */ = {isa = PBXBuildFile; fileRef = E8D5119D20FF69B40064A80C /* NSObject+MJCoding.m */; };
		E8D511AD20FF69B40064A80C /* MJExtensionConst.m in Sources */ = {isa = PBXBuildFile; fileRef = E8D5119F20FF69B40064A80C /* MJExtensionConst.m */; };
		E8D511AE20FF69B40064A80C /* NSObject+MJProperty.m in Sources */ = {isa = PBXBuildFile; fileRef = E8D511A020FF69B40064A80C /* NSObject+MJProperty.m */; };
		E8D511AF20FF69B40064A80C /* NSObject+MJClass.m in Sources */ = {isa = PBXBuildFile; fileRef = E8D511A220FF69B40064A80C /* NSObject+MJClass.m */; };
		E8D511B020FF69B40064A80C /* NSString+MJExtension.m in Sources */ = {isa = PBXBuildFile; fileRef = E8D511A320FF69B40064A80C /* NSString+MJExtension.m */; };
		E8D511B120FF69B40064A80C /* MJPropertyKey.m in Sources */ = {isa = PBXBuildFile; fileRef = E8D511A420FF69B40064A80C /* MJPropertyKey.m */; };
		E8D511B220FF69B40064A80C /* MJFoundation.m in Sources */ = {isa = PBXBuildFile; fileRef = E8D511A820FF69B40064A80C /* MJFoundation.m */; };
		E8D511B520FF6C930064A80C /* NSObject+Category.m in Sources */ = {isa = PBXBuildFile; fileRef = E8D511B420FF6C930064A80C /* NSObject+Category.m */; };
		E8E256D320C29D7700AC0BB5 /* main.m in Sources */ = {isa = PBXBuildFile; fileRef = E8E256B320C29D7700AC0BB5 /* main.m */; };
		E8E256D420C29D7700AC0BB5 /* AppDelegate.m in Sources */ = {isa = PBXBuildFile; fileRef = E8E256B420C29D7700AC0BB5 /* AppDelegate.m */; };
		E8E256DF20C29D7700AC0BB5 /* ZSFirstVC.m in Sources */ = {isa = PBXBuildFile; fileRef = E8E256C320C29D7700AC0BB5 /* ZSFirstVC.m */; };
		E8E256E020C29D7700AC0BB5 /* ZSBaseNavigationController.m in Sources */ = {isa = PBXBuildFile; fileRef = E8E256C420C29D7700AC0BB5 /* ZSBaseNavigationController.m */; };
		E8E256E120C29D7700AC0BB5 /* ZSFifthVC.m in Sources */ = {isa = PBXBuildFile; fileRef = E8E256C520C29D7700AC0BB5 /* ZSFifthVC.m */; };
		E8E256E220C29D7700AC0BB5 /* ZSFourthVC.m in Sources */ = {isa = PBXBuildFile; fileRef = E8E256C620C29D7700AC0BB5 /* ZSFourthVC.m */; };
		E8E256E320C29D7700AC0BB5 /* ZSThirtVC.m in Sources */ = {isa = PBXBuildFile; fileRef = E8E256C720C29D7700AC0BB5 /* ZSThirtVC.m */; };
		E8E256E420C29D7700AC0BB5 /* ZSSecondVC.m in Sources */ = {isa = PBXBuildFile; fileRef = E8E256C920C29D7700AC0BB5 /* ZSSecondVC.m */; };
		E8E256E520C29D7700AC0BB5 /* ZSTabBarController.m in Sources */ = {isa = PBXBuildFile; fileRef = E8E256CE20C29D7700AC0BB5 /* ZSTabBarController.m */; };
		E8E256E620C29D7700AC0BB5 /* ZSBaseViewController.m in Sources */ = {isa = PBXBuildFile; fileRef = E8E256CF20C29D7700AC0BB5 /* ZSBaseViewController.m */; };
		E8FED90020DE2B1D00F82BF5 /* UITextField_Demo.m in Sources */ = {isa = PBXBuildFile; fileRef = E8FED8FF20DE2B1D00F82BF5 /* UITextField_Demo.m */; };
		E8FED90D20DE32AC00F82BF5 /* tab_4_pre@3x.png in Resources */ = {isa = PBXBuildFile; fileRef = E8FED90320DE32AC00F82BF5 /* tab_4_pre@3x.png */; };
		E8FED90E20DE32AC00F82BF5 /* tab_5@3x.png in Resources */ = {isa = PBXBuildFile; fileRef = E8FED90420DE32AC00F82BF5 /* tab_5@3x.png */; };
		E8FED90F20DE32AC00F82BF5 /* tab_1_pre@3x.png in Resources */ = {isa = PBXBuildFile; fileRef = E8FED90520DE32AC00F82BF5 /* tab_1_pre@3x.png */; };
		E8FED91020DE32AC00F82BF5 /* tab_3@3x.png in Resources */ = {isa = PBXBuildFile; fileRef = E8FED90620DE32AC00F82BF5 /* tab_3@3x.png */; };
		E8FED91120DE32AC00F82BF5 /* tab_1@3x.png in Resources */ = {isa = PBXBuildFile; fileRef = E8FED90720DE32AC00F82BF5 /* tab_1@3x.png */; };
		E8FED91220DE32AC00F82BF5 /* tab_3_pre@3x.png in Resources */ = {isa = PBXBuildFile; fileRef = E8FED90820DE32AC00F82BF5 /* tab_3_pre@3x.png */; };
		E8FED91320DE32AC00F82BF5 /* tab_4@3x.png in Resources */ = {isa = PBXBuildFile; fileRef = E8FED90920DE32AC00F82BF5 /* tab_4@3x.png */; };
		E8FED91420DE32AC00F82BF5 /* tab_5_pre@3x.png in Resources */ = {isa = PBXBuildFile; fileRef = E8FED90A20DE32AC00F82BF5 /* tab_5_pre@3x.png */; };
		E8FED91520DE32AC00F82BF5 /* tab_2@3x.png in Resources */ = {isa = PBXBuildFile; fileRef = E8FED90B20DE32AC00F82BF5 /* tab_2@3x.png */; };
		E8FED91620DE32AC00F82BF5 /* tab_2_pre@3x.png in Resources */ = {isa = PBXBuildFile; fileRef = E8FED90C20DE32AC00F82BF5 /* tab_2_pre@3x.png */; };
		E8FED91820DE32D400F82BF5 /* product_add_type@3x.png in Resources */ = {isa = PBXBuildFile; fileRef = E8FED91720DE32D000F82BF5 /* product_add_type@3x.png */; };
/* End PBXBuildFile section */

/* Begin PBXFileReference section */
		E83A299620EF5EED00315ADF /* TTTAttributedLabel.h */ = {isa = PBXFileReference; fileEncoding = 4; lastKnownFileType = sourcecode.c.h; path = TTTAttributedLabel.h; sourceTree = "<group>"; };
		E83A299720EF5EED00315ADF /* TTTAttributedLabel.m */ = {isa = PBXFileReference; fileEncoding = 4; lastKnownFileType = sourcecode.c.objc; path = TTTAttributedLabel.m; sourceTree = "<group>"; };
		E83A299920EF6F7000315ADF /* UILabel+Category.h */ = {isa = PBXFileReference; lastKnownFileType = sourcecode.c.h; path = "UILabel+Category.h"; sourceTree = "<group>"; };
		E83A299A20EF6F7000315ADF /* UILabel+Category.m */ = {isa = PBXFileReference; lastKnownFileType = sourcecode.c.objc; path = "UILabel+Category.m"; sourceTree = "<group>"; };
		E83BF53420DCE31900CAC15F /* ExtensibleLabel.h */ = {isa = PBXFileReference; lastKnownFileType = sourcecode.c.h; path = ExtensibleLabel.h; sourceTree = "<group>"; };
		E83BF53520DCE31900CAC15F /* ExtensibleLabel.m */ = {isa = PBXFileReference; lastKnownFileType = sourcecode.c.objc; path = ExtensibleLabel.m; sourceTree = "<group>"; };
		E83BF53820DCEC4D00CAC15F /* UILabel_Demo.h */ = {isa = PBXFileReference; lastKnownFileType = sourcecode.c.h; path = UILabel_Demo.h; sourceTree = "<group>"; };
		E83BF53920DCEC4D00CAC15F /* UILabel_Demo.m */ = {isa = PBXFileReference; lastKnownFileType = sourcecode.c.objc; path = UILabel_Demo.m; sourceTree = "<group>"; };
		E83BF53D20DCECFF00CAC15F /* UIScrollView+MJRefresh.m */ = {isa = PBXFileReference; fileEncoding = 4; lastKnownFileType = sourcecode.c.objc; path = "UIScrollView+MJRefresh.m"; sourceTree = "<group>"; };
		E83BF53E20DCECFF00CAC15F /* MJRefreshConst.m */ = {isa = PBXFileReference; fileEncoding = 4; lastKnownFileType = sourcecode.c.objc; path = MJRefreshConst.m; sourceTree = "<group>"; };
		E83BF53F20DCECFF00CAC15F /* UIScrollView+MJExtension.h */ = {isa = PBXFileReference; fileEncoding = 4; lastKnownFileType = sourcecode.c.h; path = "UIScrollView+MJExtension.h"; sourceTree = "<group>"; };
		E83BF54020DCECFF00CAC15F /* MJRefresh.h */ = {isa = PBXFileReference; fileEncoding = 4; lastKnownFileType = sourcecode.c.h; path = MJRefresh.h; sourceTree = "<group>"; };
		E83BF54120DCECFF00CAC15F /* MJRefresh.bundle */ = {isa = PBXFileReference; lastKnownFileType = "wrapper.plug-in"; path = MJRefresh.bundle; sourceTree = "<group>"; };
		E83BF54220DCECFF00CAC15F /* UIView+MJExtension.h */ = {isa = PBXFileReference; fileEncoding = 4; lastKnownFileType = sourcecode.c.h; path = "UIView+MJExtension.h"; sourceTree = "<group>"; };
		E83BF54420DCECFF00CAC15F /* MJChiBaoZiHeader.h */ = {isa = PBXFileReference; fileEncoding = 4; lastKnownFileType = sourcecode.c.h; path = MJChiBaoZiHeader.h; sourceTree = "<group>"; };
		E83BF54520DCECFF00CAC15F /* dropdown_loading_02.png */ = {isa = PBXFileReference; lastKnownFileType = image.png; path = dropdown_loading_02.png; sourceTree = "<group>"; };
		E83BF54620DCECFF00CAC15F /* MJChiBaoZiHeader.m */ = {isa = PBXFileReference; fileEncoding = 4; lastKnownFileType = sourcecode.c.objc; path = MJChiBaoZiHeader.m; sourceTree = "<group>"; };
		E83BF54720DCECFF00CAC15F /* dropdown_loading_01.png */ = {isa = PBXFileReference; lastKnownFileType = image.png; path = dropdown_loading_01.png; sourceTree = "<group>"; };
		E83BF54820DCECFF00CAC15F /* UIScrollView+MJExtension.m */ = {isa = PBXFileReference; fileEncoding = 4; lastKnownFileType = sourcecode.c.objc; path = "UIScrollView+MJExtension.m"; sourceTree = "<group>"; };
		E83BF54920DCECFF00CAC15F /* MJRefreshConst.h */ = {isa = PBXFileReference; fileEncoding = 4; lastKnownFileType = sourcecode.c.h; path = MJRefreshConst.h; sourceTree = "<group>"; };
		E83BF54A20DCECFF00CAC15F /* UIScrollView+MJRefresh.h */ = {isa = PBXFileReference; fileEncoding = 4; lastKnownFileType = sourcecode.c.h; path = "UIScrollView+MJRefresh.h"; sourceTree = "<group>"; };
		E83BF54B20DCECFF00CAC15F /* UIView+MJExtension.m */ = {isa = PBXFileReference; fileEncoding = 4; lastKnownFileType = sourcecode.c.objc; path = "UIView+MJExtension.m"; sourceTree = "<group>"; };
		E83BF54F20DCECFF00CAC15F /* MJRefreshBackGifFooter.h */ = {isa = PBXFileReference; fileEncoding = 4; lastKnownFileType = sourcecode.c.h; path = MJRefreshBackGifFooter.h; sourceTree = "<group>"; };
		E83BF55020DCECFF00CAC15F /* MJRefreshBackStateFooter.h */ = {isa = PBXFileReference; fileEncoding = 4; lastKnownFileType = sourcecode.c.h; path = MJRefreshBackStateFooter.h; sourceTree = "<group>"; };
		E83BF55120DCECFF00CAC15F /* MJRefreshBackNormalFooter.h */ = {isa = PBXFileReference; fileEncoding = 4; lastKnownFileType = sourcecode.c.h; path = MJRefreshBackNormalFooter.h; sourceTree = "<group>"; };
		E83BF55220DCECFF00CAC15F /* MJRefreshBackGifFooter.m */ = {isa = PBXFileReference; fileEncoding = 4; lastKnownFileType = sourcecode.c.objc; path = MJRefreshBackGifFooter.m; sourceTree = "<group>"; };
		E83BF55320DCECFF00CAC15F /* MJRefreshBackStateFooter.m */ = {isa = PBXFileReference; fileEncoding = 4; lastKnownFileType = sourcecode.c.objc; path = MJRefreshBackStateFooter.m; sourceTree = "<group>"; };
		E83BF55420DCECFF00CAC15F /* MJRefreshBackNormalFooter.m */ = {isa = PBXFileReference; fileEncoding = 4; lastKnownFileType = sourcecode.c.objc; path = MJRefreshBackNormalFooter.m; sourceTree = "<group>"; };
		E83BF55620DCECFF00CAC15F /* MJRefreshAutoStateFooter.h */ = {isa = PBXFileReference; fileEncoding = 4; lastKnownFileType = sourcecode.c.h; path = MJRefreshAutoStateFooter.h; sourceTree = "<group>"; };
		E83BF55720DCECFF00CAC15F /* MJRefreshAutoNormalFooter.h */ = {isa = PBXFileReference; fileEncoding = 4; lastKnownFileType = sourcecode.c.h; path = MJRefreshAutoNormalFooter.h; sourceTree = "<group>"; };
		E83BF55820DCECFF00CAC15F /* MJRefreshAutoGifFooter.h */ = {isa = PBXFileReference; fileEncoding = 4; lastKnownFileType = sourcecode.c.h; path = MJRefreshAutoGifFooter.h; sourceTree = "<group>"; };
		E83BF55920DCECFF00CAC15F /* MJRefreshAutoStateFooter.m */ = {isa = PBXFileReference; fileEncoding = 4; lastKnownFileType = sourcecode.c.objc; path = MJRefreshAutoStateFooter.m; sourceTree = "<group>"; };
		E83BF55A20DCECFF00CAC15F /* MJRefreshAutoGifFooter.m */ = {isa = PBXFileReference; fileEncoding = 4; lastKnownFileType = sourcecode.c.objc; path = MJRefreshAutoGifFooter.m; sourceTree = "<group>"; };
		E83BF55B20DCECFF00CAC15F /* MJRefreshAutoNormalFooter.m */ = {isa = PBXFileReference; fileEncoding = 4; lastKnownFileType = sourcecode.c.objc; path = MJRefreshAutoNormalFooter.m; sourceTree = "<group>"; };
		E83BF55D20DCECFF00CAC15F /* MJRefreshNormalHeader.m */ = {isa = PBXFileReference; fileEncoding = 4; lastKnownFileType = sourcecode.c.objc; path = MJRefreshNormalHeader.m; sourceTree = "<group>"; };
		E83BF55E20DCECFF00CAC15F /* MJRefreshStateHeader.h */ = {isa = PBXFileReference; fileEncoding = 4; lastKnownFileType = sourcecode.c.h; path = MJRefreshStateHeader.h; sourceTree = "<group>"; };
		E83BF55F20DCECFF00CAC15F /* MJRefreshGifHeader.h */ = {isa = PBXFileReference; fileEncoding = 4; lastKnownFileType = sourcecode.c.h; path = MJRefreshGifHeader.h; sourceTree = "<group>"; };
		E83BF56020DCECFF00CAC15F /* MJRefreshNormalHeader.h */ = {isa = PBXFileReference; fileEncoding = 4; lastKnownFileType = sourcecode.c.h; path = MJRefreshNormalHeader.h; sourceTree = "<group>"; };
		E83BF56120DCECFF00CAC15F /* MJRefreshStateHeader.m */ = {isa = PBXFileReference; fileEncoding = 4; lastKnownFileType = sourcecode.c.objc; path = MJRefreshStateHeader.m; sourceTree = "<group>"; };
		E83BF56220DCECFF00CAC15F /* MJRefreshGifHeader.m */ = {isa = PBXFileReference; fileEncoding = 4; lastKnownFileType = sourcecode.c.objc; path = MJRefreshGifHeader.m; sourceTree = "<group>"; };
		E83BF56420DCECFF00CAC15F /* MJRefreshFooter.m */ = {isa = PBXFileReference; fileEncoding = 4; lastKnownFileType = sourcecode.c.objc; path = MJRefreshFooter.m; sourceTree = "<group>"; };
		E83BF56520DCECFF00CAC15F /* MJRefreshComponent.h */ = {isa = PBXFileReference; fileEncoding = 4; lastKnownFileType = sourcecode.c.h; path = MJRefreshComponent.h; sourceTree = "<group>"; };
		E83BF56620DCECFF00CAC15F /* MJRefreshHeader.m */ = {isa = PBXFileReference; fileEncoding = 4; lastKnownFileType = sourcecode.c.objc; path = MJRefreshHeader.m; sourceTree = "<group>"; };
		E83BF56720DCECFF00CAC15F /* MJRefreshAutoFooter.h */ = {isa = PBXFileReference; fileEncoding = 4; lastKnownFileType = sourcecode.c.h; path = MJRefreshAutoFooter.h; sourceTree = "<group>"; };
		E83BF56820DCECFF00CAC15F /* MJRefreshBackFooter.m */ = {isa = PBXFileReference; fileEncoding = 4; lastKnownFileType = sourcecode.c.objc; path = MJRefreshBackFooter.m; sourceTree = "<group>"; };
		E83BF56920DCECFF00CAC15F /* MJRefreshAutoFooter.m */ = {isa = PBXFileReference; fileEncoding = 4; lastKnownFileType = sourcecode.c.objc; path = MJRefreshAutoFooter.m; sourceTree = "<group>"; };
		E83BF56A20DCECFF00CAC15F /* MJRefreshHeader.h */ = {isa = PBXFileReference; fileEncoding = 4; lastKnownFileType = sourcecode.c.h; path = MJRefreshHeader.h; sourceTree = "<group>"; };
		E83BF56B20DCECFF00CAC15F /* MJRefreshComponent.m */ = {isa = PBXFileReference; fileEncoding = 4; lastKnownFileType = sourcecode.c.objc; path = MJRefreshComponent.m; sourceTree = "<group>"; };
		E83BF56C20DCECFF00CAC15F /* MJRefreshFooter.h */ = {isa = PBXFileReference; fileEncoding = 4; lastKnownFileType = sourcecode.c.h; path = MJRefreshFooter.h; sourceTree = "<group>"; };
		E83BF56D20DCECFF00CAC15F /* MJRefreshBackFooter.h */ = {isa = PBXFileReference; fileEncoding = 4; lastKnownFileType = sourcecode.c.h; path = MJRefreshBackFooter.h; sourceTree = "<group>"; };
		E83BF56F20DCECFF00CAC15F /* UIImage+WebP.m */ = {isa = PBXFileReference; fileEncoding = 4; lastKnownFileType = sourcecode.c.objc; path = "UIImage+WebP.m"; sourceTree = "<group>"; };
		E83BF57020DCECFF00CAC15F /* MKAnnotationView+WebCache.m */ = {isa = PBXFileReference; fileEncoding = 4; lastKnownFileType = sourcecode.c.objc; path = "MKAnnotationView+WebCache.m"; sourceTree = "<group>"; };
		E83BF57120DCECFF00CAC15F /* UIImageView+WebCache.h */ = {isa = PBXFileReference; fileEncoding = 4; lastKnownFileType = sourcecode.c.h; path = "UIImageView+WebCache.h"; sourceTree = "<group>"; };
		E83BF57220DCECFF00CAC15F /* NSData+ImageContentType.h */ = {isa = PBXFileReference; fileEncoding = 4; lastKnownFileType = sourcecode.c.h; path = "NSData+ImageContentType.h"; sourceTree = "<group>"; };
		E83BF57320DCECFF00CAC15F /* SDWebImageManager.m */ = {isa = PBXFileReference; fileEncoding = 4; lastKnownFileType = sourcecode.c.objc; path = SDWebImageManager.m; sourceTree = "<group>"; };
		E83BF57420DCECFF00CAC15F /* SDWebImageDecoder.m */ = {isa = PBXFileReference; fileEncoding = 4; lastKnownFileType = sourcecode.c.objc; path = SDWebImageDecoder.m; sourceTree = "<group>"; };
		E83BF57520DCECFF00CAC15F /* SDWebImageDownloaderOperation.h */ = {isa = PBXFileReference; fileEncoding = 4; lastKnownFileType = sourcecode.c.h; path = SDWebImageDownloaderOperation.h; sourceTree = "<group>"; };
		E83BF57620DCECFF00CAC15F /* UIImageView+HighlightedWebCache.m */ = {isa = PBXFileReference; fileEncoding = 4; lastKnownFileType = sourcecode.c.objc; path = "UIImageView+HighlightedWebCache.m"; sourceTree = "<group>"; };
		E83BF57720DCECFF00CAC15F /* SDImageCache.h */ = {isa = PBXFileReference; fileEncoding = 4; lastKnownFileType = sourcecode.c.h; path = SDImageCache.h; sourceTree = "<group>"; };
		E83BF57820DCECFF00CAC15F /* SDWebImageDownloader.m */ = {isa = PBXFileReference; fileEncoding = 4; lastKnownFileType = sourcecode.c.objc; path = SDWebImageDownloader.m; sourceTree = "<group>"; };
		E83BF57920DCECFF00CAC15F /* UIImage+GIF.m */ = {isa = PBXFileReference; fileEncoding = 4; lastKnownFileType = sourcecode.c.objc; path = "UIImage+GIF.m"; sourceTree = "<group>"; };
		E83BF57A20DCECFF00CAC15F /* UIButton+WebCache.h */ = {isa = PBXFileReference; fileEncoding = 4; lastKnownFileType = sourcecode.c.h; path = "UIButton+WebCache.h"; sourceTree = "<group>"; };
		E83BF57B20DCECFF00CAC15F /* UIImage+MultiFormat.m */ = {isa = PBXFileReference; fileEncoding = 4; lastKnownFileType = sourcecode.c.objc; path = "UIImage+MultiFormat.m"; sourceTree = "<group>"; };
		E83BF57C20DCECFF00CAC15F /* SDWebImageCompat.m */ = {isa = PBXFileReference; fileEncoding = 4; lastKnownFileType = sourcecode.c.objc; path = SDWebImageCompat.m; sourceTree = "<group>"; };
		E83BF57D20DCECFF00CAC15F /* SDWebImagePrefetcher.m */ = {isa = PBXFileReference; fileEncoding = 4; lastKnownFileType = sourcecode.c.objc; path = SDWebImagePrefetcher.m; sourceTree = "<group>"; };
		E83BF57E20DCECFF00CAC15F /* UIView+WebCacheOperation.h */ = {isa = PBXFileReference; fileEncoding = 4; lastKnownFileType = sourcecode.c.h; path = "UIView+WebCacheOperation.h"; sourceTree = "<group>"; };
		E83BF57F20DCECFF00CAC15F /* MKAnnotationView+WebCache.h */ = {isa = PBXFileReference; fileEncoding = 4; lastKnownFileType = sourcecode.c.h; path = "MKAnnotationView+WebCache.h"; sourceTree = "<group>"; };
		E83BF58020DCECFF00CAC15F /* UIImage+WebP.h */ = {isa = PBXFileReference; fileEncoding = 4; lastKnownFileType = sourcecode.c.h; path = "UIImage+WebP.h"; sourceTree = "<group>"; };
		E83BF58120DCECFF00CAC15F /* SDImageCache.m */ = {isa = PBXFileReference; fileEncoding = 4; lastKnownFileType = sourcecode.c.objc; path = SDImageCache.m; sourceTree = "<group>"; };
		E83BF58220DCECFF00CAC15F /* UIImageView+HighlightedWebCache.h */ = {isa = PBXFileReference; fileEncoding = 4; lastKnownFileType = sourcecode.c.h; path = "UIImageView+HighlightedWebCache.h"; sourceTree = "<group>"; };
		E83BF58320DCECFF00CAC15F /* SDWebImageDownloaderOperation.m */ = {isa = PBXFileReference; fileEncoding = 4; lastKnownFileType = sourcecode.c.objc; path = SDWebImageDownloaderOperation.m; sourceTree = "<group>"; };
		E83BF58420DCECFF00CAC15F /* SDWebImageDecoder.h */ = {isa = PBXFileReference; fileEncoding = 4; lastKnownFileType = sourcecode.c.h; path = SDWebImageDecoder.h; sourceTree = "<group>"; };
		E83BF58520DCECFF00CAC15F /* SDWebImageManager.h */ = {isa = PBXFileReference; fileEncoding = 4; lastKnownFileType = sourcecode.c.h; path = SDWebImageManager.h; sourceTree = "<group>"; };
		E83BF58620DCECFF00CAC15F /* NSData+ImageContentType.m */ = {isa = PBXFileReference; fileEncoding = 4; lastKnownFileType = sourcecode.c.objc; path = "NSData+ImageContentType.m"; sourceTree = "<group>"; };
		E83BF58720DCECFF00CAC15F /* UIImageView+WebCache.m */ = {isa = PBXFileReference; fileEncoding = 4; lastKnownFileType = sourcecode.c.objc; path = "UIImageView+WebCache.m"; sourceTree = "<group>"; };
		E83BF58820DCECFF00CAC15F /* SDWebImageOperation.h */ = {isa = PBXFileReference; fileEncoding = 4; lastKnownFileType = sourcecode.c.h; path = SDWebImageOperation.h; sourceTree = "<group>"; };
		E83BF58920DCECFF00CAC15F /* SDWebImageDownloader.h */ = {isa = PBXFileReference; fileEncoding = 4; lastKnownFileType = sourcecode.c.h; path = SDWebImageDownloader.h; sourceTree = "<group>"; };
		E83BF58A20DCECFF00CAC15F /* UIView+WebCacheOperation.m */ = {isa = PBXFileReference; fileEncoding = 4; lastKnownFileType = sourcecode.c.objc; path = "UIView+WebCacheOperation.m"; sourceTree = "<group>"; };
		E83BF58B20DCECFF00CAC15F /* SDWebImagePrefetcher.h */ = {isa = PBXFileReference; fileEncoding = 4; lastKnownFileType = sourcecode.c.h; path = SDWebImagePrefetcher.h; sourceTree = "<group>"; };
		E83BF58C20DCECFF00CAC15F /* SDWebImageCompat.h */ = {isa = PBXFileReference; fileEncoding = 4; lastKnownFileType = sourcecode.c.h; path = SDWebImageCompat.h; sourceTree = "<group>"; };
		E83BF58D20DCECFF00CAC15F /* UIImage+MultiFormat.h */ = {isa = PBXFileReference; fileEncoding = 4; lastKnownFileType = sourcecode.c.h; path = "UIImage+MultiFormat.h"; sourceTree = "<group>"; };
		E83BF58E20DCECFF00CAC15F /* UIButton+WebCache.m */ = {isa = PBXFileReference; fileEncoding = 4; lastKnownFileType = sourcecode.c.objc; path = "UIButton+WebCache.m"; sourceTree = "<group>"; };
		E83BF58F20DCECFF00CAC15F /* UIImage+GIF.h */ = {isa = PBXFileReference; fileEncoding = 4; lastKnownFileType = sourcecode.c.h; path = "UIImage+GIF.h"; sourceTree = "<group>"; };
		E83BF59120DCECFF00CAC15F /* MASCompositeConstraint.h */ = {isa = PBXFileReference; fileEncoding = 4; lastKnownFileType = sourcecode.c.h; path = MASCompositeConstraint.h; sourceTree = "<group>"; };
		E83BF59220DCECFF00CAC15F /* NSLayoutConstraint+MASDebugAdditions.m */ = {isa = PBXFileReference; fileEncoding = 4; lastKnownFileType = sourcecode.c.objc; path = "NSLayoutConstraint+MASDebugAdditions.m"; sourceTree = "<group>"; };
		E83BF59320DCECFF00CAC15F /* MASConstraint+Private.h */ = {isa = PBXFileReference; fileEncoding = 4; lastKnownFileType = sourcecode.c.h; path = "MASConstraint+Private.h"; sourceTree = "<group>"; };
		E83BF59420DCECFF00CAC15F /* MASLayoutConstraint.h */ = {isa = PBXFileReference; fileEncoding = 4; lastKnownFileType = sourcecode.c.h; path = MASLayoutConstraint.h; sourceTree = "<group>"; };
		E83BF59520DCECFF00CAC15F /* NSArray+MASShorthandAdditions.h */ = {isa = PBXFileReference; fileEncoding = 4; lastKnownFileType = sourcecode.c.h; path = "NSArray+MASShorthandAdditions.h"; sourceTree = "<group>"; };
		E83BF59620DCECFF00CAC15F /* MASConstraintMaker.h */ = {isa = PBXFileReference; fileEncoding = 4; lastKnownFileType = sourcecode.c.h; path = MASConstraintMaker.h; sourceTree = "<group>"; };
		E83BF59720DCECFF00CAC15F /* View+MASAdditions.h */ = {isa = PBXFileReference; fileEncoding = 4; lastKnownFileType = sourcecode.c.h; path = "View+MASAdditions.h"; sourceTree = "<group>"; };
		E83BF59820DCECFF00CAC15F /* NSArray+MASAdditions.h */ = {isa = PBXFileReference; fileEncoding = 4; lastKnownFileType = sourcecode.c.h; path = "NSArray+MASAdditions.h"; sourceTree = "<group>"; };
		E83BF59920DCECFF00CAC15F /* MASUtilities.h */ = {isa = PBXFileReference; fileEncoding = 4; lastKnownFileType = sourcecode.c.h; path = MASUtilities.h; sourceTree = "<group>"; };
		E83BF59A20DCECFF00CAC15F /* MASViewAttribute.h */ = {isa = PBXFileReference; fileEncoding = 4; lastKnownFileType = sourcecode.c.h; path = MASViewAttribute.h; sourceTree = "<group>"; };
		E83BF59B20DCECFF00CAC15F /* ViewController+MASAdditions.m */ = {isa = PBXFileReference; fileEncoding = 4; lastKnownFileType = sourcecode.c.objc; path = "ViewController+MASAdditions.m"; sourceTree = "<group>"; };
		E83BF59C20DCECFF00CAC15F /* MASViewConstraint.h */ = {isa = PBXFileReference; fileEncoding = 4; lastKnownFileType = sourcecode.c.h; path = MASViewConstraint.h; sourceTree = "<group>"; };
		E83BF59D20DCECFF00CAC15F /* MASConstraint.h */ = {isa = PBXFileReference; fileEncoding = 4; lastKnownFileType = sourcecode.c.h; path = MASConstraint.h; sourceTree = "<group>"; };
		E83BF59E20DCECFF00CAC15F /* NSLayoutConstraint+MASDebugAdditions.h */ = {isa = PBXFileReference; fileEncoding = 4; lastKnownFileType = sourcecode.c.h; path = "NSLayoutConstraint+MASDebugAdditions.h"; sourceTree = "<group>"; };
		E83BF59F20DCECFF00CAC15F /* MASCompositeConstraint.m */ = {isa = PBXFileReference; fileEncoding = 4; lastKnownFileType = sourcecode.c.objc; path = MASCompositeConstraint.m; sourceTree = "<group>"; };
		E83BF5A020DCECFF00CAC15F /* MASConstraintMaker.m */ = {isa = PBXFileReference; fileEncoding = 4; lastKnownFileType = sourcecode.c.objc; path = MASConstraintMaker.m; sourceTree = "<group>"; };
		E83BF5A120DCECFF00CAC15F /* MASLayoutConstraint.m */ = {isa = PBXFileReference; fileEncoding = 4; lastKnownFileType = sourcecode.c.objc; path = MASLayoutConstraint.m; sourceTree = "<group>"; };
		E83BF5A220DCECFF00CAC15F /* NSArray+MASAdditions.m */ = {isa = PBXFileReference; fileEncoding = 4; lastKnownFileType = sourcecode.c.objc; path = "NSArray+MASAdditions.m"; sourceTree = "<group>"; };
		E83BF5A320DCECFF00CAC15F /* View+MASAdditions.m */ = {isa = PBXFileReference; fileEncoding = 4; lastKnownFileType = sourcecode.c.objc; path = "View+MASAdditions.m"; sourceTree = "<group>"; };
		E83BF5A420DCECFF00CAC15F /* View+MASShorthandAdditions.h */ = {isa = PBXFileReference; fileEncoding = 4; lastKnownFileType = sourcecode.c.h; path = "View+MASShorthandAdditions.h"; sourceTree = "<group>"; };
		E83BF5A520DCECFF00CAC15F /* Masonry.h */ = {isa = PBXFileReference; fileEncoding = 4; lastKnownFileType = sourcecode.c.h; path = Masonry.h; sourceTree = "<group>"; };
		E83BF5A620DCECFF00CAC15F /* MASConstraint.m */ = {isa = PBXFileReference; fileEncoding = 4; lastKnownFileType = sourcecode.c.objc; path = MASConstraint.m; sourceTree = "<group>"; };
		E83BF5A720DCECFF00CAC15F /* ViewController+MASAdditions.h */ = {isa = PBXFileReference; fileEncoding = 4; lastKnownFileType = sourcecode.c.h; path = "ViewController+MASAdditions.h"; sourceTree = "<group>"; };
		E83BF5A820DCECFF00CAC15F /* MASViewConstraint.m */ = {isa = PBXFileReference; fileEncoding = 4; lastKnownFileType = sourcecode.c.objc; path = MASViewConstraint.m; sourceTree = "<group>"; };
		E83BF5A920DCECFF00CAC15F /* MASViewAttribute.m */ = {isa = PBXFileReference; fileEncoding = 4; lastKnownFileType = sourcecode.c.objc; path = MASViewAttribute.m; sourceTree = "<group>"; };
		E83BF5DA20DCF2B300CAC15F /* ScrollView_Demo.h */ = {isa = PBXFileReference; lastKnownFileType = sourcecode.c.h; path = ScrollView_Demo.h; sourceTree = "<group>"; };
		E83BF5DB20DCF2B300CAC15F /* ScrollView_Demo.m */ = {isa = PBXFileReference; lastKnownFileType = sourcecode.c.objc; path = ScrollView_Demo.m; sourceTree = "<group>"; };
		E83BF5DD20DCF30D00CAC15F /* UIButton_Demo.h */ = {isa = PBXFileReference; lastKnownFileType = sourcecode.c.h; path = UIButton_Demo.h; sourceTree = "<group>"; };
		E83BF5DE20DCF30D00CAC15F /* UIButton_Demo.m */ = {isa = PBXFileReference; lastKnownFileType = sourcecode.c.objc; path = UIButton_Demo.m; sourceTree = "<group>"; };
		E83BF5E020DCF54000CAC15F /* Normal.h */ = {isa = PBXFileReference; lastKnownFileType = sourcecode.c.h; path = Normal.h; sourceTree = "<group>"; };
		E83BF8C920DD038200CAC15F /* UIButton+Category.h */ = {isa = PBXFileReference; lastKnownFileType = sourcecode.c.h; path = "UIButton+Category.h"; sourceTree = "<group>"; };
		E83BF8CA20DD038200CAC15F /* UIButton+Category.m */ = {isa = PBXFileReference; lastKnownFileType = sourcecode.c.objc; path = "UIButton+Category.m"; sourceTree = "<group>"; };
		E840B69520D105C300CBBD50 /* ZSConvenientTool.h */ = {isa = PBXFileReference; lastKnownFileType = sourcecode.c.h; path = ZSConvenientTool.h; sourceTree = "<group>"; };
		E840B69620D105C300CBBD50 /* ZSConvenientTool.m */ = {isa = PBXFileReference; lastKnownFileType = sourcecode.c.objc; path = ZSConvenientTool.m; sourceTree = "<group>"; };
		E87FFA2020C4EBF600A50338 /* ZSConst.h */ = {isa = PBXFileReference; lastKnownFileType = sourcecode.c.h; path = ZSConst.h; sourceTree = "<group>"; };
		E87FFA2220C4F1FB00A50338 /* UIColor+Category.h */ = {isa = PBXFileReference; lastKnownFileType = sourcecode.c.h; path = "UIColor+Category.h"; sourceTree = "<group>"; };
		E87FFA2320C4F1FB00A50338 /* UIColor+Category.m */ = {isa = PBXFileReference; lastKnownFileType = sourcecode.c.objc; path = "UIColor+Category.m"; sourceTree = "<group>"; };
		E87FFA2520C4F3D300A50338 /* UIView+Category.h */ = {isa = PBXFileReference; lastKnownFileType = sourcecode.c.h; path = "UIView+Category.h"; sourceTree = "<group>"; };
		E87FFA2620C4F3D300A50338 /* UIView+Category.m */ = {isa = PBXFileReference; lastKnownFileType = sourcecode.c.objc; path = "UIView+Category.m"; sourceTree = "<group>"; };
		E88C666320C294B9005006AF /* MethodSumAndEg.app */ = {isa = PBXFileReference; explicitFileType = wrapper.application; includeInIndex = 0; path = MethodSumAndEg.app; sourceTree = BUILT_PRODUCTS_DIR; };
		E88C666D20C294B9005006AF /* Base */ = {isa = PBXFileReference; lastKnownFileType = file.storyboard; name = Base; path = Base.lproj/Main.storyboard; sourceTree = "<group>"; };
		E88C666F20C294B9005006AF /* Assets.xcassets */ = {isa = PBXFileReference; lastKnownFileType = folder.assetcatalog; path = Assets.xcassets; sourceTree = "<group>"; };
		E88C667220C294B9005006AF /* Base */ = {isa = PBXFileReference; lastKnownFileType = file.storyboard; name = Base; path = Base.lproj/LaunchScreen.storyboard; sourceTree = "<group>"; };
		E88C667420C294B9005006AF /* Info.plist */ = {isa = PBXFileReference; lastKnownFileType = text.plist.xml; path = Info.plist; sourceTree = "<group>"; };
		E896D2AB20F4AEAB0039C4C3 /* NSString_Demo.h */ = {isa = PBXFileReference; lastKnownFileType = sourcecode.c.h; path = NSString_Demo.h; sourceTree = "<group>"; };
		E896D2AC20F4AEAB0039C4C3 /* NSString_Demo.m */ = {isa = PBXFileReference; lastKnownFileType = sourcecode.c.objc; path = NSString_Demo.m; sourceTree = "<group>"; };
		E896D2AE20F4AFBE0039C4C3 /* NSString+Category.h */ = {isa = PBXFileReference; lastKnownFileType = sourcecode.c.h; path = "NSString+Category.h"; sourceTree = "<group>"; };
		E896D2AF20F4AFBE0039C4C3 /* NSString+Category.m */ = {isa = PBXFileReference; lastKnownFileType = sourcecode.c.objc; path = "NSString+Category.m"; sourceTree = "<group>"; };
		E896D2B220F4BC6D0039C4C3 /* textImageHtml.txt */ = {isa = PBXFileReference; fileEncoding = 4; lastKnownFileType = text; path = textImageHtml.txt; sourceTree = "<group>"; };
		E8D5117620FF5E130064A80C /* PinyinHelper.h */ = {isa = PBXFileReference; fileEncoding = 4; lastKnownFileType = sourcecode.c.h; path = PinyinHelper.h; sourceTree = "<group>"; };
		E8D5117720FF5E130064A80C /* HanyuPinyinOutputFormat.h */ = {isa = PBXFileReference; fileEncoding = 4; lastKnownFileType = sourcecode.c.h; path = HanyuPinyinOutputFormat.h; sourceTree = "<group>"; };
		E8D5117820FF5E130064A80C /* NSString+PinYin4Cocoa.m */ = {isa = PBXFileReference; fileEncoding = 4; lastKnownFileType = sourcecode.c.objc; path = "NSString+PinYin4Cocoa.m"; sourceTree = "<group>"; };
		E8D5117920FF5E130064A80C /* ChineseToPinyinResource.h */ = {isa = PBXFileReference; fileEncoding = 4; lastKnownFileType = sourcecode.c.h; path = ChineseToPinyinResource.h; sourceTree = "<group>"; };
		E8D5117A20FF5E130064A80C /* PinyinFormatter.h */ = {isa = PBXFileReference; fileEncoding = 4; lastKnownFileType = sourcecode.c.h; path = PinyinFormatter.h; sourceTree = "<group>"; };
		E8D5117B20FF5E130064A80C /* PinyinHelper.m */ = {isa = PBXFileReference; fileEncoding = 4; lastKnownFileType = sourcecode.c.objc; path = PinyinHelper.m; sourceTree = "<group>"; };
		E8D5117C20FF5E130064A80C /* NSString+PinYin4Cocoa.h */ = {isa = PBXFileReference; fileEncoding = 4; lastKnownFileType = sourcecode.c.h; path = "NSString+PinYin4Cocoa.h"; sourceTree = "<group>"; };
		E8D5117D20FF5E130064A80C /* HanyuPinyinOutputFormat.m */ = {isa = PBXFileReference; fileEncoding = 4; lastKnownFileType = sourcecode.c.objc; path = HanyuPinyinOutputFormat.m; sourceTree = "<group>"; };
		E8D5117E20FF5E130064A80C /* ChineseToPinyinResource.m */ = {isa = PBXFileReference; fileEncoding = 4; lastKnownFileType = sourcecode.c.objc; path = ChineseToPinyinResource.m; sourceTree = "<group>"; };
		E8D5117F20FF5E130064A80C /* PinyinFormatter.m */ = {isa = PBXFileReference; fileEncoding = 4; lastKnownFileType = sourcecode.c.objc; path = PinyinFormatter.m; sourceTree = "<group>"; };
		E8D5118020FF5E130064A80C /* PinYin4Objc.h */ = {isa = PBXFileReference; fileEncoding = 4; lastKnownFileType = sourcecode.c.h; path = PinYin4Objc.h; sourceTree = "<group>"; };
		E8D5118220FF5E130064A80C /* unicode_to_hanyu_pinyin.txt */ = {isa = PBXFileReference; fileEncoding = 4; lastKnownFileType = text; path = unicode_to_hanyu_pinyin.txt; sourceTree = "<group>"; };
		E8D5118B20FF66070064A80C /* contacts.plist */ = {isa = PBXFileReference; lastKnownFileType = text.plist.xml; path = contacts.plist; sourceTree = "<group>"; };
		E8D5118D20FF674D0064A80C /* Tool_Demo.h */ = {isa = PBXFileReference; lastKnownFileType = sourcecode.c.h; path = Tool_Demo.h; sourceTree = "<group>"; };
		E8D5118E20FF674D0064A80C /* Tool_Demo.m */ = {isa = PBXFileReference; lastKnownFileType = sourcecode.c.objc; path = Tool_Demo.m; sourceTree = "<group>"; };
		E8D5119020FF68F60064A80C /* ZSContactsModel.h */ = {isa = PBXFileReference; lastKnownFileType = sourcecode.c.h; path = ZSContactsModel.h; sourceTree = "<group>"; };
		E8D5119120FF68F60064A80C /* ZSContactsModel.m */ = {isa = PBXFileReference; lastKnownFileType = sourcecode.c.objc; path = ZSContactsModel.m; sourceTree = "<group>"; };
		E8D5119420FF69B40064A80C /* MJPropertyKey.h */ = {isa = PBXFileReference; fileEncoding = 4; lastKnownFileType = sourcecode.c.h; path = MJPropertyKey.h; sourceTree = "<group>"; };
		E8D5119520FF69B40064A80C /* NSObject+MJClass.h */ = {isa = PBXFileReference; fileEncoding = 4; lastKnownFileType = sourcecode.c.h; path = "NSObject+MJClass.h"; sourceTree = "<group>"; };
		E8D5119620FF69B40064A80C /* NSString+MJExtension.h */ = {isa = PBXFileReference; fileEncoding = 4; lastKnownFileType = sourcecode.c.h; path = "NSString+MJExtension.h"; sourceTree = "<group>"; };
		E8D5119720FF69B40064A80C /* MJPropertyType.m */ = {isa = PBXFileReference; fileEncoding = 4; lastKnownFileType = sourcecode.c.objc; path = MJPropertyType.m; sourceTree = "<group>"; };
		E8D5119820FF69B40064A80C /* NSObject+MJProperty.h */ = {isa = PBXFileReference; fileEncoding = 4; lastKnownFileType = sourcecode.c.h; path = "NSObject+MJProperty.h"; sourceTree = "<group>"; };
		E8D5119920FF69B40064A80C /* MJExtensionConst.h */ = {isa = PBXFileReference; fileEncoding = 4; lastKnownFileType = sourcecode.c.h; path = MJExtensionConst.h; sourceTree = "<group>"; };
		E8D5119A20FF69B40064A80C /* NSObject+MJKeyValue.m */ = {isa = PBXFileReference; fileEncoding = 4; lastKnownFileType = sourcecode.c.objc; path = "NSObject+MJKeyValue.m"; sourceTree = "<group>"; };
		E8D5119B20FF69B40064A80C /* MJProperty.m */ = {isa = PBXFileReference; fileEncoding = 4; lastKnownFileType = sourcecode.c.objc; path = MJProperty.m; sourceTree = "<group>"; };
		E8D5119C20FF69B40064A80C /* MJFoundation.h */ = {isa = PBXFileReference; fileEncoding = 4; lastKnownFileType = sourcecode.c.h; path = MJFoundation.h; sourceTree = "<group>"; };
		E8D5119D20FF69B40064A80C /* NSObject+MJCoding.m */ = {isa = PBXFileReference; fileEncoding = 4; lastKnownFileType = sourcecode.c.objc; path = "NSObject+MJCoding.m"; sourceTree = "<group>"; };
		E8D5119E20FF69B40064A80C /* MJExtension.h */ = {isa = PBXFileReference; fileEncoding = 4; lastKnownFileType = sourcecode.c.h; path = MJExtension.h; sourceTree = "<group>"; };
		E8D5119F20FF69B40064A80C /* MJExtensionConst.m */ = {isa = PBXFileReference; fileEncoding = 4; lastKnownFileType = sourcecode.c.objc; path = MJExtensionConst.m; sourceTree = "<group>"; };
		E8D511A020FF69B40064A80C /* NSObject+MJProperty.m */ = {isa = PBXFileReference; fileEncoding = 4; lastKnownFileType = sourcecode.c.objc; path = "NSObject+MJProperty.m"; sourceTree = "<group>"; };
		E8D511A120FF69B40064A80C /* MJPropertyType.h */ = {isa = PBXFileReference; fileEncoding = 4; lastKnownFileType = sourcecode.c.h; path = MJPropertyType.h; sourceTree = "<group>"; };
		E8D511A220FF69B40064A80C /* NSObject+MJClass.m */ = {isa = PBXFileReference; fileEncoding = 4; lastKnownFileType = sourcecode.c.objc; path = "NSObject+MJClass.m"; sourceTree = "<group>"; };
		E8D511A320FF69B40064A80C /* NSString+MJExtension.m */ = {isa = PBXFileReference; fileEncoding = 4; lastKnownFileType = sourcecode.c.objc; path = "NSString+MJExtension.m"; sourceTree = "<group>"; };
		E8D511A420FF69B40064A80C /* MJPropertyKey.m */ = {isa = PBXFileReference; fileEncoding = 4; lastKnownFileType = sourcecode.c.objc; path = MJPropertyKey.m; sourceTree = "<group>"; };
		E8D511A520FF69B40064A80C /* MJProperty.h */ = {isa = PBXFileReference; fileEncoding = 4; lastKnownFileType = sourcecode.c.h; path = MJProperty.h; sourceTree = "<group>"; };
		E8D511A620FF69B40064A80C /* NSObject+MJKeyValue.h */ = {isa = PBXFileReference; fileEncoding = 4; lastKnownFileType = sourcecode.c.h; path = "NSObject+MJKeyValue.h"; sourceTree = "<group>"; };
		E8D511A720FF69B40064A80C /* NSObject+MJCoding.h */ = {isa = PBXFileReference; fileEncoding = 4; lastKnownFileType = sourcecode.c.h; path = "NSObject+MJCoding.h"; sourceTree = "<group>"; };
		E8D511A820FF69B40064A80C /* MJFoundation.m */ = {isa = PBXFileReference; fileEncoding = 4; lastKnownFileType = sourcecode.c.objc; path = MJFoundation.m; sourceTree = "<group>"; };
		E8D511B320FF6C930064A80C /* NSObject+Category.h */ = {isa = PBXFileReference; lastKnownFileType = sourcecode.c.h; path = "NSObject+Category.h"; sourceTree = "<group>"; };
		E8D511B420FF6C930064A80C /* NSObject+Category.m */ = {isa = PBXFileReference; lastKnownFileType = sourcecode.c.objc; path = "NSObject+Category.m"; sourceTree = "<group>"; };
		E8D5D2E420C516490000CCA2 /* CategoryList.h */ = {isa = PBXFileReference; lastKnownFileType = sourcecode.c.h; path = CategoryList.h; sourceTree = "<group>"; };
		E8E256B120C29D7700AC0BB5 /* AppDelegate.h */ = {isa = PBXFileReference; fileEncoding = 4; lastKnownFileType = sourcecode.c.h; path = AppDelegate.h; sourceTree = "<group>"; };
		E8E256B320C29D7700AC0BB5 /* main.m */ = {isa = PBXFileReference; fileEncoding = 4; lastKnownFileType = sourcecode.c.objc; path = main.m; sourceTree = "<group>"; };
		E8E256B420C29D7700AC0BB5 /* AppDelegate.m */ = {isa = PBXFileReference; fileEncoding = 4; lastKnownFileType = sourcecode.c.objc; path = AppDelegate.m; sourceTree = "<group>"; };
		E8E256C220C29D7700AC0BB5 /* ZSTabBarController.h */ = {isa = PBXFileReference; fileEncoding = 4; lastKnownFileType = sourcecode.c.h; path = ZSTabBarController.h; sourceTree = "<group>"; };
		E8E256C320C29D7700AC0BB5 /* ZSFirstVC.m */ = {isa = PBXFileReference; fileEncoding = 4; lastKnownFileType = sourcecode.c.objc; path = ZSFirstVC.m; sourceTree = "<group>"; };
		E8E256C420C29D7700AC0BB5 /* ZSBaseNavigationController.m */ = {isa = PBXFileReference; fileEncoding = 4; lastKnownFileType = sourcecode.c.objc; path = ZSBaseNavigationController.m; sourceTree = "<group>"; };
		E8E256C520C29D7700AC0BB5 /* ZSFifthVC.m */ = {isa = PBXFileReference; fileEncoding = 4; lastKnownFileType = sourcecode.c.objc; path = ZSFifthVC.m; sourceTree = "<group>"; };
		E8E256C620C29D7700AC0BB5 /* ZSFourthVC.m */ = {isa = PBXFileReference; fileEncoding = 4; lastKnownFileType = sourcecode.c.objc; path = ZSFourthVC.m; sourceTree = "<group>"; };
		E8E256C720C29D7700AC0BB5 /* ZSThirtVC.m */ = {isa = PBXFileReference; fileEncoding = 4; lastKnownFileType = sourcecode.c.objc; path = ZSThirtVC.m; sourceTree = "<group>"; };
		E8E256C820C29D7700AC0BB5 /* ZSBaseViewController.h */ = {isa = PBXFileReference; fileEncoding = 4; lastKnownFileType = sourcecode.c.h; path = ZSBaseViewController.h; sourceTree = "<group>"; };
		E8E256C920C29D7700AC0BB5 /* ZSSecondVC.m */ = {isa = PBXFileReference; fileEncoding = 4; lastKnownFileType = sourcecode.c.objc; path = ZSSecondVC.m; sourceTree = "<group>"; };
		E8E256CA20C29D7700AC0BB5 /* ZSFourthVC.h */ = {isa = PBXFileReference; fileEncoding = 4; lastKnownFileType = sourcecode.c.h; path = ZSFourthVC.h; sourceTree = "<group>"; };
		E8E256CB20C29D7700AC0BB5 /* ZSFifthVC.h */ = {isa = PBXFileReference; fileEncoding = 4; lastKnownFileType = sourcecode.c.h; path = ZSFifthVC.h; sourceTree = "<group>"; };
		E8E256CC20C29D7700AC0BB5 /* ZSBaseNavigationController.h */ = {isa = PBXFileReference; fileEncoding = 4; lastKnownFileType = sourcecode.c.h; path = ZSBaseNavigationController.h; sourceTree = "<group>"; };
		E8E256CD20C29D7700AC0BB5 /* ZSFirstVC.h */ = {isa = PBXFileReference; fileEncoding = 4; lastKnownFileType = sourcecode.c.h; path = ZSFirstVC.h; sourceTree = "<group>"; };
		E8E256CE20C29D7700AC0BB5 /* ZSTabBarController.m */ = {isa = PBXFileReference; fileEncoding = 4; lastKnownFileType = sourcecode.c.objc; path = ZSTabBarController.m; sourceTree = "<group>"; };
		E8E256CF20C29D7700AC0BB5 /* ZSBaseViewController.m */ = {isa = PBXFileReference; fileEncoding = 4; lastKnownFileType = sourcecode.c.objc; path = ZSBaseViewController.m; sourceTree = "<group>"; };
		E8E256D020C29D7700AC0BB5 /* ZSThirtVC.h */ = {isa = PBXFileReference; fileEncoding = 4; lastKnownFileType = sourcecode.c.h; path = ZSThirtVC.h; sourceTree = "<group>"; };
		E8E256D120C29D7700AC0BB5 /* ZSSecondVC.h */ = {isa = PBXFileReference; fileEncoding = 4; lastKnownFileType = sourcecode.c.h; path = ZSSecondVC.h; sourceTree = "<group>"; };
		E8E256E720C29DA700AC0BB5 /* ZSPrefixHeader.pch */ = {isa = PBXFileReference; lastKnownFileType = sourcecode.c.h; path = ZSPrefixHeader.pch; sourceTree = "<group>"; };
		E8FED8FE20DE2B1D00F82BF5 /* UITextField_Demo.h */ = {isa = PBXFileReference; lastKnownFileType = sourcecode.c.h; path = UITextField_Demo.h; sourceTree = "<group>"; };
		E8FED8FF20DE2B1D00F82BF5 /* UITextField_Demo.m */ = {isa = PBXFileReference; lastKnownFileType = sourcecode.c.objc; path = UITextField_Demo.m; sourceTree = "<group>"; };
		E8FED90320DE32AC00F82BF5 /* tab_4_pre@3x.png */ = {isa = PBXFileReference; lastKnownFileType = image.png; path = "tab_4_pre@3x.png"; sourceTree = "<group>"; };
		E8FED90420DE32AC00F82BF5 /* tab_5@3x.png */ = {isa = PBXFileReference; lastKnownFileType = image.png; path = "tab_5@3x.png"; sourceTree = "<group>"; };
		E8FED90520DE32AC00F82BF5 /* tab_1_pre@3x.png */ = {isa = PBXFileReference; lastKnownFileType = image.png; path = "tab_1_pre@3x.png"; sourceTree = "<group>"; };
		E8FED90620DE32AC00F82BF5 /* tab_3@3x.png */ = {isa = PBXFileReference; lastKnownFileType = image.png; path = "tab_3@3x.png"; sourceTree = "<group>"; };
		E8FED90720DE32AC00F82BF5 /* tab_1@3x.png */ = {isa = PBXFileReference; lastKnownFileType = image.png; path = "tab_1@3x.png"; sourceTree = "<group>"; };
		E8FED90820DE32AC00F82BF5 /* tab_3_pre@3x.png */ = {isa = PBXFileReference; lastKnownFileType = image.png; path = "tab_3_pre@3x.png"; sourceTree = "<group>"; };
		E8FED90920DE32AC00F82BF5 /* tab_4@3x.png */ = {isa = PBXFileReference; lastKnownFileType = image.png; path = "tab_4@3x.png"; sourceTree = "<group>"; };
		E8FED90A20DE32AC00F82BF5 /* tab_5_pre@3x.png */ = {isa = PBXFileReference; lastKnownFileType = image.png; path = "tab_5_pre@3x.png"; sourceTree = "<group>"; };
		E8FED90B20DE32AC00F82BF5 /* tab_2@3x.png */ = {isa = PBXFileReference; lastKnownFileType = image.png; path = "tab_2@3x.png"; sourceTree = "<group>"; };
		E8FED90C20DE32AC00F82BF5 /* tab_2_pre@3x.png */ = {isa = PBXFileReference; lastKnownFileType = image.png; path = "tab_2_pre@3x.png"; sourceTree = "<group>"; };
		E8FED91720DE32D000F82BF5 /* product_add_type@3x.png */ = {isa = PBXFileReference; lastKnownFileType = image.png; path = "product_add_type@3x.png"; sourceTree = "<group>"; };
/* End PBXFileReference section */

/* Begin PBXFrameworksBuildPhase section */
		E88C666020C294B9005006AF /* Frameworks */ = {
			isa = PBXFrameworksBuildPhase;
			buildActionMask = 2147483647;
			files = (
			);
			runOnlyForDeploymentPostprocessing = 0;
		};
/* End PBXFrameworksBuildPhase section */

/* Begin PBXGroup section */
		E83A299520EF5EED00315ADF /* TTTAttributedLabel */ = {
			isa = PBXGroup;
			children = (
				E83A299620EF5EED00315ADF /* TTTAttributedLabel.h */,
				E83A299720EF5EED00315ADF /* TTTAttributedLabel.m */,
			);
			path = TTTAttributedLabel;
			sourceTree = "<group>";
		};
		E83BF53320DCE2F700CAC15F /* Subclass */ = {
			isa = PBXGroup;
			children = (
				E83BF53420DCE31900CAC15F /* ExtensibleLabel.h */,
				E83BF53520DCE31900CAC15F /* ExtensibleLabel.m */,
			);
			path = Subclass;
			sourceTree = "<group>";
		};
		E83BF53720DCEC2300CAC15F /* Subview */ = {
			isa = PBXGroup;
			children = (
				E83BF53820DCEC4D00CAC15F /* UILabel_Demo.h */,
				E83BF53920DCEC4D00CAC15F /* UILabel_Demo.m */,
				E83BF5DD20DCF30D00CAC15F /* UIButton_Demo.h */,
				E83BF5DE20DCF30D00CAC15F /* UIButton_Demo.m */,
				E83BF5DA20DCF2B300CAC15F /* ScrollView_Demo.h */,
				E83BF5DB20DCF2B300CAC15F /* ScrollView_Demo.m */,
				E8FED8FE20DE2B1D00F82BF5 /* UITextField_Demo.h */,
				E8FED8FF20DE2B1D00F82BF5 /* UITextField_Demo.m */,
				E896D2AB20F4AEAB0039C4C3 /* NSString_Demo.h */,
				E896D2AC20F4AEAB0039C4C3 /* NSString_Demo.m */,
				E8D5118D20FF674D0064A80C /* Tool_Demo.h */,
				E8D5118E20FF674D0064A80C /* Tool_Demo.m */,
			);
			path = Subview;
			sourceTree = "<group>";
		};
		E83BF53B20DCECCA00CAC15F /* ThirdPorts */ = {
			isa = PBXGroup;
			children = (
				E8D5119320FF69B40064A80C /* MJExtension */,
				E8D5117420FF5E130064A80C /* PinYin4Objc */,
				E83BF59020DCECFF00CAC15F /* Masonry */,
				E83BF53C20DCECFF00CAC15F /* MJRefresh */,
				E83BF56E20DCECFF00CAC15F /* SDWebImage */,
				E83A299520EF5EED00315ADF /* TTTAttributedLabel */,
			);
			path = ThirdPorts;
			sourceTree = "<group>";
		};
		E83BF53C20DCECFF00CAC15F /* MJRefresh */ = {
			isa = PBXGroup;
			children = (
				E83BF56320DCECFF00CAC15F /* Base */,
				E83BF54C20DCECFF00CAC15F /* Custom */,
				E83BF54120DCECFF00CAC15F /* MJRefresh.bundle */,
				E83BF54020DCECFF00CAC15F /* MJRefresh.h */,
				E83BF54920DCECFF00CAC15F /* MJRefreshConst.h */,
				E83BF53E20DCECFF00CAC15F /* MJRefreshConst.m */,
				E83BF54320DCECFF00CAC15F /* RevisableView */,
				E83BF53F20DCECFF00CAC15F /* UIScrollView+MJExtension.h */,
				E83BF54820DCECFF00CAC15F /* UIScrollView+MJExtension.m */,
				E83BF54A20DCECFF00CAC15F /* UIScrollView+MJRefresh.h */,
				E83BF53D20DCECFF00CAC15F /* UIScrollView+MJRefresh.m */,
				E83BF54220DCECFF00CAC15F /* UIView+MJExtension.h */,
				E83BF54B20DCECFF00CAC15F /* UIView+MJExtension.m */,
			);
			path = MJRefresh;
			sourceTree = "<group>";
		};
		E83BF54320DCECFF00CAC15F /* RevisableView */ = {
			isa = PBXGroup;
			children = (
				E83BF54420DCECFF00CAC15F /* MJChiBaoZiHeader.h */,
				E83BF54520DCECFF00CAC15F /* dropdown_loading_02.png */,
				E83BF54620DCECFF00CAC15F /* MJChiBaoZiHeader.m */,
				E83BF54720DCECFF00CAC15F /* dropdown_loading_01.png */,
			);
			path = RevisableView;
			sourceTree = "<group>";
		};
		E83BF54C20DCECFF00CAC15F /* Custom */ = {
			isa = PBXGroup;
			children = (
				E83BF54D20DCECFF00CAC15F /* Footer */,
				E83BF55C20DCECFF00CAC15F /* Header */,
			);
			path = Custom;
			sourceTree = "<group>";
		};
		E83BF54D20DCECFF00CAC15F /* Footer */ = {
			isa = PBXGroup;
			children = (
				E83BF54E20DCECFF00CAC15F /* Back */,
				E83BF55520DCECFF00CAC15F /* Auto */,
			);
			path = Footer;
			sourceTree = "<group>";
		};
		E83BF54E20DCECFF00CAC15F /* Back */ = {
			isa = PBXGroup;
			children = (
				E83BF54F20DCECFF00CAC15F /* MJRefreshBackGifFooter.h */,
				E83BF55220DCECFF00CAC15F /* MJRefreshBackGifFooter.m */,
				E83BF55120DCECFF00CAC15F /* MJRefreshBackNormalFooter.h */,
				E83BF55420DCECFF00CAC15F /* MJRefreshBackNormalFooter.m */,
				E83BF55020DCECFF00CAC15F /* MJRefreshBackStateFooter.h */,
				E83BF55320DCECFF00CAC15F /* MJRefreshBackStateFooter.m */,
			);
			path = Back;
			sourceTree = "<group>";
		};
		E83BF55520DCECFF00CAC15F /* Auto */ = {
			isa = PBXGroup;
			children = (
				E83BF55820DCECFF00CAC15F /* MJRefreshAutoGifFooter.h */,
				E83BF55A20DCECFF00CAC15F /* MJRefreshAutoGifFooter.m */,
				E83BF55720DCECFF00CAC15F /* MJRefreshAutoNormalFooter.h */,
				E83BF55B20DCECFF00CAC15F /* MJRefreshAutoNormalFooter.m */,
				E83BF55620DCECFF00CAC15F /* MJRefreshAutoStateFooter.h */,
				E83BF55920DCECFF00CAC15F /* MJRefreshAutoStateFooter.m */,
			);
			path = Auto;
			sourceTree = "<group>";
		};
		E83BF55C20DCECFF00CAC15F /* Header */ = {
			isa = PBXGroup;
			children = (
				E83BF55F20DCECFF00CAC15F /* MJRefreshGifHeader.h */,
				E83BF56220DCECFF00CAC15F /* MJRefreshGifHeader.m */,
				E83BF56020DCECFF00CAC15F /* MJRefreshNormalHeader.h */,
				E83BF55D20DCECFF00CAC15F /* MJRefreshNormalHeader.m */,
				E83BF55E20DCECFF00CAC15F /* MJRefreshStateHeader.h */,
				E83BF56120DCECFF00CAC15F /* MJRefreshStateHeader.m */,
			);
			path = Header;
			sourceTree = "<group>";
		};
		E83BF56320DCECFF00CAC15F /* Base */ = {
			isa = PBXGroup;
			children = (
				E83BF56720DCECFF00CAC15F /* MJRefreshAutoFooter.h */,
				E83BF56920DCECFF00CAC15F /* MJRefreshAutoFooter.m */,
				E83BF56D20DCECFF00CAC15F /* MJRefreshBackFooter.h */,
				E83BF56820DCECFF00CAC15F /* MJRefreshBackFooter.m */,
				E83BF56520DCECFF00CAC15F /* MJRefreshComponent.h */,
				E83BF56B20DCECFF00CAC15F /* MJRefreshComponent.m */,
				E83BF56C20DCECFF00CAC15F /* MJRefreshFooter.h */,
				E83BF56420DCECFF00CAC15F /* MJRefreshFooter.m */,
				E83BF56A20DCECFF00CAC15F /* MJRefreshHeader.h */,
				E83BF56620DCECFF00CAC15F /* MJRefreshHeader.m */,
			);
			path = Base;
			sourceTree = "<group>";
		};
		E83BF56E20DCECFF00CAC15F /* SDWebImage */ = {
			isa = PBXGroup;
			children = (
				E83BF57F20DCECFF00CAC15F /* MKAnnotationView+WebCache.h */,
				E83BF57020DCECFF00CAC15F /* MKAnnotationView+WebCache.m */,
				E83BF57220DCECFF00CAC15F /* NSData+ImageContentType.h */,
				E83BF58620DCECFF00CAC15F /* NSData+ImageContentType.m */,
				E83BF57720DCECFF00CAC15F /* SDImageCache.h */,
				E83BF58120DCECFF00CAC15F /* SDImageCache.m */,
				E83BF58C20DCECFF00CAC15F /* SDWebImageCompat.h */,
				E83BF57C20DCECFF00CAC15F /* SDWebImageCompat.m */,
				E83BF58420DCECFF00CAC15F /* SDWebImageDecoder.h */,
				E83BF57420DCECFF00CAC15F /* SDWebImageDecoder.m */,
				E83BF58920DCECFF00CAC15F /* SDWebImageDownloader.h */,
				E83BF57820DCECFF00CAC15F /* SDWebImageDownloader.m */,
				E83BF57520DCECFF00CAC15F /* SDWebImageDownloaderOperation.h */,
				E83BF58320DCECFF00CAC15F /* SDWebImageDownloaderOperation.m */,
				E83BF58520DCECFF00CAC15F /* SDWebImageManager.h */,
				E83BF57320DCECFF00CAC15F /* SDWebImageManager.m */,
				E83BF58820DCECFF00CAC15F /* SDWebImageOperation.h */,
				E83BF58B20DCECFF00CAC15F /* SDWebImagePrefetcher.h */,
				E83BF57D20DCECFF00CAC15F /* SDWebImagePrefetcher.m */,
				E83BF57A20DCECFF00CAC15F /* UIButton+WebCache.h */,
				E83BF58E20DCECFF00CAC15F /* UIButton+WebCache.m */,
				E83BF58F20DCECFF00CAC15F /* UIImage+GIF.h */,
				E83BF57920DCECFF00CAC15F /* UIImage+GIF.m */,
				E83BF58D20DCECFF00CAC15F /* UIImage+MultiFormat.h */,
				E83BF57B20DCECFF00CAC15F /* UIImage+MultiFormat.m */,
				E83BF58020DCECFF00CAC15F /* UIImage+WebP.h */,
				E83BF56F20DCECFF00CAC15F /* UIImage+WebP.m */,
				E83BF58220DCECFF00CAC15F /* UIImageView+HighlightedWebCache.h */,
				E83BF57620DCECFF00CAC15F /* UIImageView+HighlightedWebCache.m */,
				E83BF57120DCECFF00CAC15F /* UIImageView+WebCache.h */,
				E83BF58720DCECFF00CAC15F /* UIImageView+WebCache.m */,
				E83BF57E20DCECFF00CAC15F /* UIView+WebCacheOperation.h */,
				E83BF58A20DCECFF00CAC15F /* UIView+WebCacheOperation.m */,
			);
			path = SDWebImage;
			sourceTree = "<group>";
		};
		E83BF59020DCECFF00CAC15F /* Masonry */ = {
			isa = PBXGroup;
			children = (
				E83BF59120DCECFF00CAC15F /* MASCompositeConstraint.h */,
				E83BF59F20DCECFF00CAC15F /* MASCompositeConstraint.m */,
				E83BF59D20DCECFF00CAC15F /* MASConstraint.h */,
				E83BF5A620DCECFF00CAC15F /* MASConstraint.m */,
				E83BF59320DCECFF00CAC15F /* MASConstraint+Private.h */,
				E83BF59620DCECFF00CAC15F /* MASConstraintMaker.h */,
				E83BF5A020DCECFF00CAC15F /* MASConstraintMaker.m */,
				E83BF59420DCECFF00CAC15F /* MASLayoutConstraint.h */,
				E83BF5A120DCECFF00CAC15F /* MASLayoutConstraint.m */,
				E83BF5A520DCECFF00CAC15F /* Masonry.h */,
				E83BF59920DCECFF00CAC15F /* MASUtilities.h */,
				E83BF59A20DCECFF00CAC15F /* MASViewAttribute.h */,
				E83BF5A920DCECFF00CAC15F /* MASViewAttribute.m */,
				E83BF59C20DCECFF00CAC15F /* MASViewConstraint.h */,
				E83BF5A820DCECFF00CAC15F /* MASViewConstraint.m */,
				E83BF59820DCECFF00CAC15F /* NSArray+MASAdditions.h */,
				E83BF5A220DCECFF00CAC15F /* NSArray+MASAdditions.m */,
				E83BF59520DCECFF00CAC15F /* NSArray+MASShorthandAdditions.h */,
				E83BF59E20DCECFF00CAC15F /* NSLayoutConstraint+MASDebugAdditions.h */,
				E83BF59220DCECFF00CAC15F /* NSLayoutConstraint+MASDebugAdditions.m */,
				E83BF59720DCECFF00CAC15F /* View+MASAdditions.h */,
				E83BF5A320DCECFF00CAC15F /* View+MASAdditions.m */,
				E83BF5A420DCECFF00CAC15F /* View+MASShorthandAdditions.h */,
				E83BF5A720DCECFF00CAC15F /* ViewController+MASAdditions.h */,
				E83BF59B20DCECFF00CAC15F /* ViewController+MASAdditions.m */,
			);
			path = Masonry;
			sourceTree = "<group>";
		};
		E840B69420D105A300CBBD50 /* Tool */ = {
			isa = PBXGroup;
			children = (
				E840B69520D105C300CBBD50 /* ZSConvenientTool.h */,
				E840B69620D105C300CBBD50 /* ZSConvenientTool.m */,
			);
			path = Tool;
			sourceTree = "<group>";
		};
		E87FFA2120C4F1D700A50338 /* Category */ = {
			isa = PBXGroup;
			children = (
				E87FFA2220C4F1FB00A50338 /* UIColor+Category.h */,
				E87FFA2320C4F1FB00A50338 /* UIColor+Category.m */,
				E87FFA2520C4F3D300A50338 /* UIView+Category.h */,
				E87FFA2620C4F3D300A50338 /* UIView+Category.m */,
				E83BF8C920DD038200CAC15F /* UIButton+Category.h */,
				E83BF8CA20DD038200CAC15F /* UIButton+Category.m */,
				E83A299920EF6F7000315ADF /* UILabel+Category.h */,
				E83A299A20EF6F7000315ADF /* UILabel+Category.m */,
				E896D2AE20F4AFBE0039C4C3 /* NSString+Category.h */,
				E896D2AF20F4AFBE0039C4C3 /* NSString+Category.m */,
				E8D511B320FF6C930064A80C /* NSObject+Category.h */,
				E8D511B420FF6C930064A80C /* NSObject+Category.m */,
			);
			path = Category;
			sourceTree = "<group>";
		};
		E88C665A20C294B9005006AF = {
			isa = PBXGroup;
			children = (
				E88C666520C294B9005006AF /* MethodSumAndEg */,
				E88C666420C294B9005006AF /* Products */,
			);
			sourceTree = "<group>";
		};
		E88C666420C294B9005006AF /* Products */ = {
			isa = PBXGroup;
			children = (
				E88C666320C294B9005006AF /* MethodSumAndEg.app */,
			);
			name = Products;
			sourceTree = "<group>";
		};
		E88C666520C294B9005006AF /* MethodSumAndEg */ = {
			isa = PBXGroup;
			children = (
				E8E256AF20C29D7700AC0BB5 /* Classes */,
				E88C666C20C294B9005006AF /* Main.storyboard */,
				E88C666F20C294B9005006AF /* Assets.xcassets */,
				E88C667120C294B9005006AF /* LaunchScreen.storyboard */,
				E88C667420C294B9005006AF /* Info.plist */,
			);
			path = MethodSumAndEg;
			sourceTree = "<group>";
		};
		E896D2B120F4BC6D0039C4C3 /* Document */ = {
			isa = PBXGroup;
			children = (
				E8D5118B20FF66070064A80C /* contacts.plist */,
				E896D2B220F4BC6D0039C4C3 /* textImageHtml.txt */,
			);
			path = Document;
			sourceTree = "<group>";
		};
		E8D5117420FF5E130064A80C /* PinYin4Objc */ = {
			isa = PBXGroup;
			children = (
				E8D5117520FF5E130064A80C /* Classes */,
				E8D5118120FF5E130064A80C /* Resources */,
			);
			path = PinYin4Objc;
			sourceTree = "<group>";
		};
		E8D5117520FF5E130064A80C /* Classes */ = {
			isa = PBXGroup;
			children = (
				E8D5117920FF5E130064A80C /* ChineseToPinyinResource.h */,
				E8D5117E20FF5E130064A80C /* ChineseToPinyinResource.m */,
				E8D5117720FF5E130064A80C /* HanyuPinyinOutputFormat.h */,
				E8D5117D20FF5E130064A80C /* HanyuPinyinOutputFormat.m */,
				E8D5117C20FF5E130064A80C /* NSString+PinYin4Cocoa.h */,
				E8D5117820FF5E130064A80C /* NSString+PinYin4Cocoa.m */,
				E8D5118020FF5E130064A80C /* PinYin4Objc.h */,
				E8D5117A20FF5E130064A80C /* PinyinFormatter.h */,
				E8D5117F20FF5E130064A80C /* PinyinFormatter.m */,
				E8D5117620FF5E130064A80C /* PinyinHelper.h */,
				E8D5117B20FF5E130064A80C /* PinyinHelper.m */,
			);
			path = Classes;
			sourceTree = "<group>";
		};
		E8D5118120FF5E130064A80C /* Resources */ = {
			isa = PBXGroup;
			children = (
				E8D5118220FF5E130064A80C /* unicode_to_hanyu_pinyin.txt */,
			);
			path = Resources;
			sourceTree = "<group>";
		};
		E8D5118920FF605A0064A80C /* Model */ = {
			isa = PBXGroup;
			children = (
				E8D5119020FF68F60064A80C /* ZSContactsModel.h */,
				E8D5119120FF68F60064A80C /* ZSContactsModel.m */,
			);
			path = Model;
			sourceTree = "<group>";
		};
		E8D5118A20FF60770064A80C /* Controller */ = {
			isa = PBXGroup;
			children = (
				E8E256CD20C29D7700AC0BB5 /* ZSFirstVC.h */,
				E8E256C320C29D7700AC0BB5 /* ZSFirstVC.m */,
				E8E256D120C29D7700AC0BB5 /* ZSSecondVC.h */,
				E8E256C920C29D7700AC0BB5 /* ZSSecondVC.m */,
				E8E256D020C29D7700AC0BB5 /* ZSThirtVC.h */,
				E8E256C720C29D7700AC0BB5 /* ZSThirtVC.m */,
				E8E256CA20C29D7700AC0BB5 /* ZSFourthVC.h */,
				E8E256C620C29D7700AC0BB5 /* ZSFourthVC.m */,
				E8E256CB20C29D7700AC0BB5 /* ZSFifthVC.h */,
				E8E256C520C29D7700AC0BB5 /* ZSFifthVC.m */,
			);
			path = Controller;
			sourceTree = "<group>";
		};
		E8D5119320FF69B40064A80C /* MJExtension */ = {
			isa = PBXGroup;
			children = (
				E8D5119420FF69B40064A80C /* MJPropertyKey.h */,
				E8D5119520FF69B40064A80C /* NSObject+MJClass.h */,
				E8D5119620FF69B40064A80C /* NSString+MJExtension.h */,
				E8D5119720FF69B40064A80C /* MJPropertyType.m */,
				E8D5119820FF69B40064A80C /* NSObject+MJProperty.h */,
				E8D5119920FF69B40064A80C /* MJExtensionConst.h */,
				E8D5119A20FF69B40064A80C /* NSObject+MJKeyValue.m */,
				E8D5119B20FF69B40064A80C /* MJProperty.m */,
				E8D5119C20FF69B40064A80C /* MJFoundation.h */,
				E8D5119D20FF69B40064A80C /* NSObject+MJCoding.m */,
				E8D5119E20FF69B40064A80C /* MJExtension.h */,
				E8D5119F20FF69B40064A80C /* MJExtensionConst.m */,
				E8D511A020FF69B40064A80C /* NSObject+MJProperty.m */,
				E8D511A120FF69B40064A80C /* MJPropertyType.h */,
				E8D511A220FF69B40064A80C /* NSObject+MJClass.m */,
				E8D511A320FF69B40064A80C /* NSString+MJExtension.m */,
				E8D511A420FF69B40064A80C /* MJPropertyKey.m */,
				E8D511A520FF69B40064A80C /* MJProperty.h */,
				E8D511A620FF69B40064A80C /* NSObject+MJKeyValue.h */,
				E8D511A720FF69B40064A80C /* NSObject+MJCoding.h */,
				E8D511A820FF69B40064A80C /* MJFoundation.m */,
			);
			path = MJExtension;
			sourceTree = "<group>";
		};
		E8E256AF20C29D7700AC0BB5 /* Classes */ = {
			isa = PBXGroup;
			children = (
				E8E256C120C29D7700AC0BB5 /* BaseController */,
				E83BF53320DCE2F700CAC15F /* Subclass */,
				E87FFA2120C4F1D700A50338 /* Category */,
				E840B69420D105A300CBBD50 /* Tool */,
				E8E256B020C29D7700AC0BB5 /* Other */,
			);
			path = Classes;
			sourceTree = "<group>";
		};
		E8E256B020C29D7700AC0BB5 /* Other */ = {
			isa = PBXGroup;
			children = (
				E8E256B120C29D7700AC0BB5 /* AppDelegate.h */,
				E8E256B420C29D7700AC0BB5 /* AppDelegate.m */,
				E8E256B320C29D7700AC0BB5 /* main.m */,
				E8D5D2E420C516490000CCA2 /* CategoryList.h */,
				E87FFA2020C4EBF600A50338 /* ZSConst.h */,
				E83BF5E020DCF54000CAC15F /* Normal.h */,
				E8E256E720C29DA700AC0BB5 /* ZSPrefixHeader.pch */,
				E83BF53B20DCECCA00CAC15F /* ThirdPorts */,
				E8E256B520C29D7700AC0BB5 /* Resource */,
			);
			path = Other;
			sourceTree = "<group>";
		};
		E8E256B520C29D7700AC0BB5 /* Resource */ = {
			isa = PBXGroup;
			children = (
				E896D2B120F4BC6D0039C4C3 /* Document */,
				E8FED90120DE32AC00F82BF5 /* littleImage */,
				E8FED90220DE32AC00F82BF5 /* tabImage */,
			);
			path = Resource;
			sourceTree = "<group>";
		};
		E8E256C120C29D7700AC0BB5 /* BaseController */ = {
			isa = PBXGroup;
			children = (
				E8E256C220C29D7700AC0BB5 /* ZSTabBarController.h */,
				E8E256CE20C29D7700AC0BB5 /* ZSTabBarController.m */,
				E8E256CC20C29D7700AC0BB5 /* ZSBaseNavigationController.h */,
				E8E256C420C29D7700AC0BB5 /* ZSBaseNavigationController.m */,
				E8E256C820C29D7700AC0BB5 /* ZSBaseViewController.h */,
				E8E256CF20C29D7700AC0BB5 /* ZSBaseViewController.m */,
				E8D5118A20FF60770064A80C /* Controller */,
				E83BF53720DCEC2300CAC15F /* Subview */,
				E8D5118920FF605A0064A80C /* Model */,
			);
			path = BaseController;
			sourceTree = "<group>";
		};
		E8FED90120DE32AC00F82BF5 /* littleImage */ = {
			isa = PBXGroup;
			children = (
				E8FED91720DE32D000F82BF5 /* product_add_type@3x.png */,
			);
			path = littleImage;
			sourceTree = "<group>";
		};
		E8FED90220DE32AC00F82BF5 /* tabImage */ = {
			isa = PBXGroup;
			children = (
				E8FED90520DE32AC00F82BF5 /* tab_1_pre@3x.png */,
				E8FED90720DE32AC00F82BF5 /* tab_1@3x.png */,
				E8FED90C20DE32AC00F82BF5 /* tab_2_pre@3x.png */,
				E8FED90B20DE32AC00F82BF5 /* tab_2@3x.png */,
				E8FED90820DE32AC00F82BF5 /* tab_3_pre@3x.png */,
				E8FED90620DE32AC00F82BF5 /* tab_3@3x.png */,
				E8FED90320DE32AC00F82BF5 /* tab_4_pre@3x.png */,
				E8FED90920DE32AC00F82BF5 /* tab_4@3x.png */,
				E8FED90A20DE32AC00F82BF5 /* tab_5_pre@3x.png */,
				E8FED90420DE32AC00F82BF5 /* tab_5@3x.png */,
			);
			path = tabImage;
			sourceTree = "<group>";
		};
/* End PBXGroup section */

/* Begin PBXNativeTarget section */
		E88C666220C294B9005006AF /* MethodSumAndEg */ = {
			isa = PBXNativeTarget;
			buildConfigurationList = E88C667920C294B9005006AF /* Build configuration list for PBXNativeTarget "MethodSumAndEg" */;
			buildPhases = (
				E88C665F20C294B9005006AF /* Sources */,
				E88C666020C294B9005006AF /* Frameworks */,
				E88C666120C294B9005006AF /* Resources */,
			);
			buildRules = (
			);
			dependencies = (
			);
			name = MethodSumAndEg;
			productName = MethodSumAndEg;
			productReference = E88C666320C294B9005006AF /* MethodSumAndEg.app */;
			productType = "com.apple.product-type.application";
		};
/* End PBXNativeTarget section */

/* Begin PBXProject section */
		E88C665B20C294B9005006AF /* Project object */ = {
			isa = PBXProject;
			attributes = {
				LastUpgradeCheck = 0900;
				ORGANIZATIONNAME = zhenshenglin;
				TargetAttributes = {
					E88C666220C294B9005006AF = {
						CreatedOnToolsVersion = 9.0;
						ProvisioningStyle = Automatic;
					};
				};
			};
			buildConfigurationList = E88C665E20C294B9005006AF /* Build configuration list for PBXProject "MethodSumAndEg" */;
			compatibilityVersion = "Xcode 8.0";
			developmentRegion = en;
			hasScannedForEncodings = 0;
			knownRegions = (
				en,
				Base,
			);
			mainGroup = E88C665A20C294B9005006AF;
			productRefGroup = E88C666420C294B9005006AF /* Products */;
			projectDirPath = "";
			projectRoot = "";
			targets = (
				E88C666220C294B9005006AF /* MethodSumAndEg */,
			);
		};
/* End PBXProject section */

/* Begin PBXResourcesBuildPhase section */
		E88C666120C294B9005006AF /* Resources */ = {
			isa = PBXResourcesBuildPhase;
			buildActionMask = 2147483647;
			files = (
				E8FED90D20DE32AC00F82BF5 /* tab_4_pre@3x.png in Resources */,
				E8D5118820FF5E130064A80C /* unicode_to_hanyu_pinyin.txt in Resources */,
				E8FED91420DE32AC00F82BF5 /* tab_5_pre@3x.png in Resources */,
				E8FED91020DE32AC00F82BF5 /* tab_3@3x.png in Resources */,
				E8FED91120DE32AC00F82BF5 /* tab_1@3x.png in Resources */,
				E83BF5AC20DCECFF00CAC15F /* MJRefresh.bundle in Resources */,
				E83BF5AD20DCECFF00CAC15F /* dropdown_loading_02.png in Resources */,
				E896D2B320F4BC6E0039C4C3 /* textImageHtml.txt in Resources */,
				E83BF5AF20DCECFF00CAC15F /* dropdown_loading_01.png in Resources */,
				E8FED91320DE32AC00F82BF5 /* tab_4@3x.png in Resources */,
				E8FED91820DE32D400F82BF5 /* product_add_type@3x.png in Resources */,
				E88C667320C294B9005006AF /* LaunchScreen.storyboard in Resources */,
				E8FED90F20DE32AC00F82BF5 /* tab_1_pre@3x.png in Resources */,
				E8FED90E20DE32AC00F82BF5 /* tab_5@3x.png in Resources */,
				E8FED91520DE32AC00F82BF5 /* tab_2@3x.png in Resources */,
				E8FED91620DE32AC00F82BF5 /* tab_2_pre@3x.png in Resources */,
				E8FED91220DE32AC00F82BF5 /* tab_3_pre@3x.png in Resources */,
				E88C667020C294B9005006AF /* Assets.xcassets in Resources */,
				E88C666E20C294B9005006AF /* Main.storyboard in Resources */,
				E8D5118C20FF660D0064A80C /* contacts.plist in Resources */,
			);
			runOnlyForDeploymentPostprocessing = 0;
		};
/* End PBXResourcesBuildPhase section */

/* Begin PBXSourcesBuildPhase section */
		E88C665F20C294B9005006AF /* Sources */ = {
			isa = PBXSourcesBuildPhase;
			buildActionMask = 2147483647;
			files = (
				E83BF5BF20DCECFF00CAC15F /* MJRefreshComponent.m in Sources */,
				E83BF5B820DCECFF00CAC15F /* MJRefreshNormalHeader.m in Sources */,
				E83BF5DF20DCF30D00CAC15F /* UIButton_Demo.m in Sources */,
				E83BF5C220DCECFF00CAC15F /* SDWebImageManager.m in Sources */,
				E83BF5DC20DCF2B300CAC15F /* ScrollView_Demo.m in Sources */,
				E8E256DF20C29D7700AC0BB5 /* ZSFirstVC.m in Sources */,
				E8D5118320FF5E130064A80C /* NSString+PinYin4Cocoa.m in Sources */,
				E8E256E120C29D7700AC0BB5 /* ZSFifthVC.m in Sources */,
				E8D511AC20FF69B40064A80C /* NSObject+MJCoding.m in Sources */,
				E8D5118520FF5E130064A80C /* HanyuPinyinOutputFormat.m in Sources */,
				E83BF5D920DCECFF00CAC15F /* MASViewAttribute.m in Sources */,
				E8E256D320C29D7700AC0BB5 /* main.m in Sources */,
				E8D5118420FF5E130064A80C /* PinyinHelper.m in Sources */,
				E8E256E420C29D7700AC0BB5 /* ZSSecondVC.m in Sources */,
				E83BF5D420DCECFF00CAC15F /* MASLayoutConstraint.m in Sources */,
				E83BF5AE20DCECFF00CAC15F /* MJChiBaoZiHeader.m in Sources */,
				E8D511B020FF69B40064A80C /* NSString+MJExtension.m in Sources */,
				E83BF5AB20DCECFF00CAC15F /* MJRefreshConst.m in Sources */,
				E8E256D420C29D7700AC0BB5 /* AppDelegate.m in Sources */,
				E83BF5C720DCECFF00CAC15F /* UIImage+MultiFormat.m in Sources */,
				E83BF5B620DCECFF00CAC15F /* MJRefreshAutoGifFooter.m in Sources */,
				E83BF5C820DCECFF00CAC15F /* SDWebImageCompat.m in Sources */,
				E83BF5B920DCECFF00CAC15F /* MJRefreshStateHeader.m in Sources */,
				E83BF5C420DCECFF00CAC15F /* UIImageView+HighlightedWebCache.m in Sources */,
				E83BF5C320DCECFF00CAC15F /* SDWebImageDecoder.m in Sources */,
				E83BF5BE20DCECFF00CAC15F /* MJRefreshAutoFooter.m in Sources */,
				E83BF5CF20DCECFF00CAC15F /* UIButton+WebCache.m in Sources */,
				E83BF5BC20DCECFF00CAC15F /* MJRefreshHeader.m in Sources */,
				E8D5118F20FF674D0064A80C /* Tool_Demo.m in Sources */,
				E83BF5C620DCECFF00CAC15F /* UIImage+GIF.m in Sources */,
				E83BF5D220DCECFF00CAC15F /* MASCompositeConstraint.m in Sources */,
				E83BF5D720DCECFF00CAC15F /* MASConstraint.m in Sources */,
				E8D511AF20FF69B40064A80C /* NSObject+MJClass.m in Sources */,
				E8D511B220FF69B40064A80C /* MJFoundation.m in Sources */,
				E8D5118620FF5E130064A80C /* ChineseToPinyinResource.m in Sources */,
				E83BF5CA20DCECFF00CAC15F /* SDImageCache.m in Sources */,
				E83BF5B220DCECFF00CAC15F /* MJRefreshBackGifFooter.m in Sources */,
				E8E256E020C29D7700AC0BB5 /* ZSBaseNavigationController.m in Sources */,
				E83BF5B020DCECFF00CAC15F /* UIScrollView+MJExtension.m in Sources */,
				E8E256E220C29D7700AC0BB5 /* ZSFourthVC.m in Sources */,
				E896D2B020F4AFBE0039C4C3 /* NSString+Category.m in Sources */,
				E83BF5C120DCECFF00CAC15F /* MKAnnotationView+WebCache.m in Sources */,
				E83BF5D520DCECFF00CAC15F /* NSArray+MASAdditions.m in Sources */,
				E83BF5D820DCECFF00CAC15F /* MASViewConstraint.m in Sources */,
				E8D511B120FF69B40064A80C /* MJPropertyKey.m in Sources */,
				E83BF53A20DCEC4D00CAC15F /* UILabel_Demo.m in Sources */,
				E83BF5CD20DCECFF00CAC15F /* UIImageView+WebCache.m in Sources */,
				E8D5118720FF5E130064A80C /* PinyinFormatter.m in Sources */,
				E8D511AB20FF69B40064A80C /* MJProperty.m in Sources */,
				E8D511B520FF6C930064A80C /* NSObject+Category.m in Sources */,
				E83BF5B320DCECFF00CAC15F /* MJRefreshBackStateFooter.m in Sources */,
				E83BF5B120DCECFF00CAC15F /* UIView+MJExtension.m in Sources */,
				E83BF5C520DCECFF00CAC15F /* SDWebImageDownloader.m in Sources */,
				E83BF8CB20DD038200CAC15F /* UIButton+Category.m in Sources */,
				E83BF53620DCE31900CAC15F /* ExtensibleLabel.m in Sources */,
				E83BF5B420DCECFF00CAC15F /* MJRefreshBackNormalFooter.m in Sources */,
				E8E256E520C29D7700AC0BB5 /* ZSTabBarController.m in Sources */,
				E83BF5D120DCECFF00CAC15F /* ViewController+MASAdditions.m in Sources */,
				E83BF5D620DCECFF00CAC15F /* View+MASAdditions.m in Sources */,
				E896D2AD20F4AEAB0039C4C3 /* NSString_Demo.m in Sources */,
				E8E256E620C29D7700AC0BB5 /* ZSBaseViewController.m in Sources */,
				E8D511AD20FF69B40064A80C /* MJExtensionConst.m in Sources */,
				E83BF5BD20DCECFF00CAC15F /* MJRefreshBackFooter.m in Sources */,
				E83BF5BA20DCECFF00CAC15F /* MJRefreshGifHeader.m in Sources */,
				E83BF5B720DCECFF00CAC15F /* MJRefreshAutoNormalFooter.m in Sources */,
				E8E256E320C29D7700AC0BB5 /* ZSThirtVC.m in Sources */,
				E83BF5D320DCECFF00CAC15F /* MASConstraintMaker.m in Sources */,
				E8D511AA20FF69B40064A80C /* NSObject+MJKeyValue.m in Sources */,
				E83BF5AA20DCECFF00CAC15F /* UIScrollView+MJRefresh.m in Sources */,
				E83BF5CC20DCECFF00CAC15F /* NSData+ImageContentType.m in Sources */,
				E83BF5B520DCECFF00CAC15F /* MJRefreshAutoStateFooter.m in Sources */,
				E87FFA2720C4F3D300A50338 /* UIView+Category.m in Sources */,
				E83BF5CB20DCECFF00CAC15F /* SDWebImageDownloaderOperation.m in Sources */,
				E8FED90020DE2B1D00F82BF5 /* UITextField_Demo.m in Sources */,
				E840B69720D105C300CBBD50 /* ZSConvenientTool.m in Sources */,
				E83BF5C020DCECFF00CAC15F /* UIImage+WebP.m in Sources */,
				E83BF5CE20DCECFF00CAC15F /* UIView+WebCacheOperation.m in Sources */,
				E83BF5D020DCECFF00CAC15F /* NSLayoutConstraint+MASDebugAdditions.m in Sources */,
				E8D511AE20FF69B40064A80C /* NSObject+MJProperty.m in Sources */,
				E8D511A920FF69B40064A80C /* MJPropertyType.m in Sources */,
				E83BF5C920DCECFF00CAC15F /* SDWebImagePrefetcher.m in Sources */,
				E87FFA2420C4F1FB00A50338 /* UIColor+Category.m in Sources */,
				E83BF5BB20DCECFF00CAC15F /* MJRefreshFooter.m in Sources */,
				E83A299B20EF6F7000315ADF /* UILabel+Category.m in Sources */,
				E83A299820EF5EED00315ADF /* TTTAttributedLabel.m in Sources */,
				E8D5119220FF68F60064A80C /* ZSContactsModel.m in Sources */,
			);
			runOnlyForDeploymentPostprocessing = 0;
		};
/* End PBXSourcesBuildPhase section */

/* Begin PBXVariantGroup section */
		E88C666C20C294B9005006AF /* Main.storyboard */ = {
			isa = PBXVariantGroup;
			children = (
				E88C666D20C294B9005006AF /* Base */,
			);
			name = Main.storyboard;
			sourceTree = "<group>";
		};
		E88C667120C294B9005006AF /* LaunchScreen.storyboard */ = {
			isa = PBXVariantGroup;
			children = (
				E88C667220C294B9005006AF /* Base */,
			);
			name = LaunchScreen.storyboard;
			sourceTree = "<group>";
		};
/* End PBXVariantGroup section */

/* Begin XCBuildConfiguration section */
		E88C667720C294B9005006AF /* Debug */ = {
			isa = XCBuildConfiguration;
			buildSettings = {
				ALWAYS_SEARCH_USER_PATHS = NO;
				CLANG_ANALYZER_NONNULL = YES;
				CLANG_ANALYZER_NUMBER_OBJECT_CONVERSION = YES_AGGRESSIVE;
				CLANG_CXX_LANGUAGE_STANDARD = "gnu++14";
				CLANG_CXX_LIBRARY = "libc++";
				CLANG_ENABLE_MODULES = YES;
				CLANG_ENABLE_OBJC_ARC = YES;
				CLANG_WARN_BLOCK_CAPTURE_AUTORELEASING = YES;
				CLANG_WARN_BOOL_CONVERSION = YES;
				CLANG_WARN_COMMA = YES;
				CLANG_WARN_CONSTANT_CONVERSION = YES;
				CLANG_WARN_DIRECT_OBJC_ISA_USAGE = YES_ERROR;
				CLANG_WARN_DOCUMENTATION_COMMENTS = YES;
				CLANG_WARN_EMPTY_BODY = YES;
				CLANG_WARN_ENUM_CONVERSION = YES;
				CLANG_WARN_INFINITE_RECURSION = YES;
				CLANG_WARN_INT_CONVERSION = YES;
				CLANG_WARN_NON_LITERAL_NULL_CONVERSION = YES;
				CLANG_WARN_OBJC_LITERAL_CONVERSION = YES;
				CLANG_WARN_OBJC_ROOT_CLASS = YES_ERROR;
				CLANG_WARN_RANGE_LOOP_ANALYSIS = YES;
				CLANG_WARN_STRICT_PROTOTYPES = YES;
				CLANG_WARN_SUSPICIOUS_MOVE = YES;
				CLANG_WARN_UNGUARDED_AVAILABILITY = YES_AGGRESSIVE;
				CLANG_WARN_UNREACHABLE_CODE = YES;
				CLANG_WARN__DUPLICATE_METHOD_MATCH = YES;
				CODE_SIGN_IDENTITY = "iPhone Developer";
				COPY_PHASE_STRIP = NO;
				DEBUG_INFORMATION_FORMAT = dwarf;
				ENABLE_STRICT_OBJC_MSGSEND = YES;
				ENABLE_TESTABILITY = YES;
				GCC_C_LANGUAGE_STANDARD = gnu11;
				GCC_DYNAMIC_NO_PIC = NO;
				GCC_NO_COMMON_BLOCKS = YES;
				GCC_OPTIMIZATION_LEVEL = 0;
				GCC_PREPROCESSOR_DEFINITIONS = (
					"DEBUG=1",
					"$(inherited)",
				);
				GCC_WARN_64_TO_32_BIT_CONVERSION = YES;
				GCC_WARN_ABOUT_RETURN_TYPE = YES_ERROR;
				GCC_WARN_UNDECLARED_SELECTOR = YES;
				GCC_WARN_UNINITIALIZED_AUTOS = YES_AGGRESSIVE;
				GCC_WARN_UNUSED_FUNCTION = YES;
				GCC_WARN_UNUSED_VARIABLE = YES;
				IPHONEOS_DEPLOYMENT_TARGET = 11.0;
				MTL_ENABLE_DEBUG_INFO = YES;
				ONLY_ACTIVE_ARCH = YES;
				SDKROOT = iphoneos;
			};
			name = Debug;
		};
		E88C667820C294B9005006AF /* Release */ = {
			isa = XCBuildConfiguration;
			buildSettings = {
				ALWAYS_SEARCH_USER_PATHS = NO;
				CLANG_ANALYZER_NONNULL = YES;
				CLANG_ANALYZER_NUMBER_OBJECT_CONVERSION = YES_AGGRESSIVE;
				CLANG_CXX_LANGUAGE_STANDARD = "gnu++14";
				CLANG_CXX_LIBRARY = "libc++";
				CLANG_ENABLE_MODULES = YES;
				CLANG_ENABLE_OBJC_ARC = YES;
				CLANG_WARN_BLOCK_CAPTURE_AUTORELEASING = YES;
				CLANG_WARN_BOOL_CONVERSION = YES;
				CLANG_WARN_COMMA = YES;
				CLANG_WARN_CONSTANT_CONVERSION = YES;
				CLANG_WARN_DIRECT_OBJC_ISA_USAGE = YES_ERROR;
				CLANG_WARN_DOCUMENTATION_COMMENTS = YES;
				CLANG_WARN_EMPTY_BODY = YES;
				CLANG_WARN_ENUM_CONVERSION = YES;
				CLANG_WARN_INFINITE_RECURSION = YES;
				CLANG_WARN_INT_CONVERSION = YES;
				CLANG_WARN_NON_LITERAL_NULL_CONVERSION = YES;
				CLANG_WARN_OBJC_LITERAL_CONVERSION = YES;
				CLANG_WARN_OBJC_ROOT_CLASS = YES_ERROR;
				CLANG_WARN_RANGE_LOOP_ANALYSIS = YES;
				CLANG_WARN_STRICT_PROTOTYPES = YES;
				CLANG_WARN_SUSPICIOUS_MOVE = YES;
				CLANG_WARN_UNGUARDED_AVAILABILITY = YES_AGGRESSIVE;
				CLANG_WARN_UNREACHABLE_CODE = YES;
				CLANG_WARN__DUPLICATE_METHOD_MATCH = YES;
				CODE_SIGN_IDENTITY = "iPhone Developer";
				COPY_PHASE_STRIP = NO;
				DEBUG_INFORMATION_FORMAT = "dwarf-with-dsym";
				ENABLE_NS_ASSERTIONS = NO;
				ENABLE_STRICT_OBJC_MSGSEND = YES;
				GCC_C_LANGUAGE_STANDARD = gnu11;
				GCC_NO_COMMON_BLOCKS = YES;
				GCC_WARN_64_TO_32_BIT_CONVERSION = YES;
				GCC_WARN_ABOUT_RETURN_TYPE = YES_ERROR;
				GCC_WARN_UNDECLARED_SELECTOR = YES;
				GCC_WARN_UNINITIALIZED_AUTOS = YES_AGGRESSIVE;
				GCC_WARN_UNUSED_FUNCTION = YES;
				GCC_WARN_UNUSED_VARIABLE = YES;
				IPHONEOS_DEPLOYMENT_TARGET = 11.0;
				MTL_ENABLE_DEBUG_INFO = NO;
				SDKROOT = iphoneos;
				VALIDATE_PRODUCT = YES;
			};
			name = Release;
		};
		E88C667A20C294B9005006AF /* Debug */ = {
			isa = XCBuildConfiguration;
			buildSettings = {
				ASSETCATALOG_COMPILER_APPICON_NAME = AppIcon;
				CODE_SIGN_STYLE = Automatic;
				DEVELOPMENT_TEAM = 3TTC3QD7TR;
				GCC_PRECOMPILE_PREFIX_HEADER = YES;
				GCC_PREFIX_HEADER = MethodSumAndEg/Classes/Other/ZSPrefixHeader.pch;
				INFOPLIST_FILE = MethodSumAndEg/Info.plist;
				IPHONEOS_DEPLOYMENT_TARGET = 9.0;
				LD_RUNPATH_SEARCH_PATHS = "$(inherited) @executable_path/Frameworks";
				PRODUCT_BUNDLE_IDENTIFIER = com.gcall.MethodSumAndEg;
				PRODUCT_NAME = "$(TARGET_NAME)";
				TARGETED_DEVICE_FAMILY = "1,2";
			};
			name = Debug;
		};
		E88C667B20C294B9005006AF /* Release */ = {
			isa = XCBuildConfiguration;
			buildSettings = {
				ASSETCATALOG_COMPILER_APPICON_NAME = AppIcon;
				CODE_SIGN_STYLE = Automatic;
				DEVELOPMENT_TEAM = 3TTC3QD7TR;
				GCC_PRECOMPILE_PREFIX_HEADER = YES;
				GCC_PREFIX_HEADER = MethodSumAndEg/Classes/Other/ZSPrefixHeader.pch;
				INFOPLIST_FILE = MethodSumAndEg/Info.plist;
				IPHONEOS_DEPLOYMENT_TARGET = 9.0;
				LD_RUNPATH_SEARCH_PATHS = "$(inherited) @executable_path/Frameworks";
				PRODUCT_BUNDLE_IDENTIFIER = com.gcall.MethodSumAndEg;
				PRODUCT_NAME = "$(TARGET_NAME)";
				TARGETED_DEVICE_FAMILY = "1,2";
			};
			name = Release;
		};
/* End XCBuildConfiguration section */

/* Begin XCConfigurationList section */
		E88C665E20C294B9005006AF /* Build configuration list for PBXProject "MethodSumAndEg" */ = {
			isa = XCConfigurationList;
			buildConfigurations = (
				E88C667720C294B9005006AF /* Debug */,
				E88C667820C294B9005006AF /* Release */,
			);
			defaultConfigurationIsVisible = 0;
			defaultConfigurationName = Release;
		};
		E88C667920C294B9005006AF /* Build configuration list for PBXNativeTarget "MethodSumAndEg" */ = {
			isa = XCConfigurationList;
			buildConfigurations = (
				E88C667A20C294B9005006AF /* Debug */,
				E88C667B20C294B9005006AF /* Release */,
			);
			defaultConfigurationIsVisible = 0;
			defaultConfigurationName = Release;
		};
/* End XCConfigurationList section */
	};
	rootObject = E88C665B20C294B9005006AF /* Project object */;
}
